<?xml version="1.0" encoding="utf-8"?>
<Project ToolsVersion="4.0" xmlns="http://schemas.microsoft.com/developer/msbuild/2003">
  <ItemGroup>
    <Filter Include="Source Files">
      <UniqueIdentifier>{4FC737F1-C7A5-4376-A066-2A32D752A2FF}</UniqueIdentifier>
      <Extensions>cpp;c;cc;cxx;c++;cppm;ixx;def;odl;idl;hpj;bat;asm;asmx</Extensions>
    </Filter>
    <Filter Include="Header Files">
      <UniqueIdentifier>{93995380-89BD-4b04-88EB-625FBE52EBFB}</UniqueIdentifier>
      <Extensions>h;hh;hpp;hxx;h++;hm;inl;inc;ipp;xsd</Extensions>
    </Filter>
    <Filter Include="Resource Files">
      <UniqueIdentifier>{67DA6AB6-F800-4c08-8B7A-83BB121AAD01}</UniqueIdentifier>
      <Extensions>rc;ico;cur;bmp;dlg;rc2;rct;bin;rgs;gif;jpg;jpeg;jpe;resx;tiff;tif;png;wav;mfcribbon-ms</Extensions>
    </Filter>
    <Filter Include="ViewModel">
      <UniqueIdentifier>{c0f674e4-0821-4d1c-931b-69938b0f5a78}</UniqueIdentifier>
    </Filter>
  </ItemGroup>
  <ItemGroup>
    <None Include="packages.config" />
  </ItemGroup>
  <ItemGroup>
    <Manifest Include="Application.manifest" />
  </ItemGroup>
  <ItemGroup>
    <ClInclude Include="framework.h">
      <Filter>Header Files</Filter>
    </ClInclude>
    <ClInclude Include="MiniDumpExplorer.h">
      <Filter>Header Files</Filter>
    </ClInclude>
    <ClInclude Include="Resource.h">
      <Filter>Header Files</Filter>
    </ClInclude>
    <ClInclude Include="targetver.h">
      <Filter>Header Files</Filter>
    </ClInclude>
    <ClInclude Include="XamlBridge.h">
      <Filter>Header Files</Filter>
    </ClInclude>
    <ClInclude Include="pch.h">
      <Filter>Header Files</Filter>
    </ClInclude>
    <ClInclude Include="SymbolEngineUi.h">
      <Filter>Header Files</Filter>
    </ClInclude>
    <ClInclude Include="DumpFile.h">
      <Filter>ViewModel</Filter>
    </ClInclude>
    <ClInclude Include="DumpFileFactory.h">
      <Filter>ViewModel</Filter>
    </ClInclude>
    <ClInclude Include="DumpFileHeader.h">
      <Filter>ViewModel</Filter>
    </ClInclude>
    <ClInclude Include="DumpFileStream.h">
      <Filter>ViewModel</Filter>
    </ClInclude>
    <ClInclude Include="DumpFileStreamComment.h">
      <Filter>ViewModel</Filter>
    </ClInclude>
    <ClInclude Include="DumpFileStreamException.h">
      <Filter>ViewModel</Filter>
    </ClInclude>
    <ClInclude Include="MiniDumpException.h">
      <Filter>ViewModel</Filter>
    </ClInclude>
    <ClInclude Include="DumpFileStreamThreadContext.h">
      <Filter>ViewModel</Filter>
    </ClInclude>
    <ClInclude Include="DumpFileStreamX86ThreadContext.h">
      <Filter>ViewModel</Filter>
    </ClInclude>
    <ClInclude Include="Wow64FloatingSaveArea.h">
      <Filter>ViewModel</Filter>
    </ClInclude>
    <ClInclude Include="DumpFileStreamX64ThreadContext.h">
      <Filter>ViewModel</Filter>
    </ClInclude>
    <ClInclude Include="DumpFile.h">
      <Filter>ViewModel</Filter>
    </ClInclude>
    <ClInclude Include="HStringHelper.h">
      <Filter>Header Files</Filter>
    </ClInclude>
    <ClInclude Include="StackTrace.h">
      <Filter>ViewModel</Filter>
    </ClInclude>
    <ClInclude Include="DbgHelpDispatcher.h">
      <Filter>Header Files</Filter>
    </ClInclude>
    <ClInclude Include="MiniDumpData.h">
      <Filter>Header Files</Filter>
    </ClInclude>
    <ClInclude Include="StackFrame.h">
      <Filter>ViewModel</Filter>
    </ClInclude>
    <ClInclude Include="DumpFileStreamSystemInfo.h">
      <Filter>ViewModel</Filter>
    </ClInclude>
    <ClInclude Include="MiniDumpSystemInfo.h">
      <Filter>ViewModel</Filter>
    </ClInclude>
    <ClInclude Include="CpuInformation.h">
      <Filter>ViewModel</Filter>
    </ClInclude>
    <ClInclude Include="X86CpuInfo.h">
      <Filter>ViewModel</Filter>
    </ClInclude>
    <ClInclude Include="OtherCpuInfo.h">
      <Filter>ViewModel</Filter>
    </ClInclude>
    <ClInclude Include="DumpFileStreamMiscInfo.h">
      <Filter>ViewModel</Filter>
    </ClInclude>
    <ClInclude Include="GetResult.h">
      <Filter>Header Files</Filter>
    </ClInclude>
    <ClInclude Include="MiniDumpMiscInfo.h">
      <Filter>ViewModel</Filter>
    </ClInclude>
    <ClInclude Include="MiniDumpMiscInfo2.h">
      <Filter>ViewModel</Filter>
    </ClInclude>
    <ClInclude Include="MiniDumpMiscInfo3.h">
      <Filter>ViewModel</Filter>
    </ClInclude>
    <ClInclude Include="TimeZoneInformation.h">
      <Filter>ViewModel</Filter>
    </ClInclude>
    <ClInclude Include="MiniDumpMiscInfo4.h">
      <Filter>ViewModel</Filter>
    </ClInclude>
    <ClInclude Include="MiniDumpMiscInfo5.h">
      <Filter>ViewModel</Filter>
    </ClInclude>
    <ClInclude Include="XStateConfigFeatureMscInfo.h">
      <Filter>ViewModel</Filter>
    </ClInclude>
    <ClInclude Include="XStateFeature.h">
      <Filter>ViewModel</Filter>
    </ClInclude>
    <ClInclude Include="SystemTime.h">
      <Filter>ViewModel</Filter>
    </ClInclude>
  </ItemGroup>
  <ItemGroup>
    <ClCompile Include="MiniDumpExplorer.cpp">
      <Filter>Source Files</Filter>
    </ClCompile>
    <ClCompile Include="XamlBridge.cpp">
      <Filter>Source Files</Filter>
    </ClCompile>
    <ClCompile Include="pch.cpp">
      <Filter>Source Files</Filter>
    </ClCompile>
    <ClCompile Include="SymbolEngineUi.cpp">
      <Filter>Source Files</Filter>
    </ClCompile>
    <ClCompile Include="DumpFile.cpp">
      <Filter>ViewModel</Filter>
    </ClCompile>
    <ClCompile Include="DumpFileFactory.cpp">
      <Filter>ViewModel</Filter>
    </ClCompile>
    <ClCompile Include="DumpFileHeader.cpp">
      <Filter>ViewModel</Filter>
    </ClCompile>
    <ClCompile Include="DumpFileStream.cpp">
      <Filter>ViewModel</Filter>
    </ClCompile>
    <ClCompile Include="DumpFileStreamComment.cpp">
      <Filter>ViewModel</Filter>
    </ClCompile>
    <ClCompile Include="DumpFileStreamException.cpp">
      <Filter>ViewModel</Filter>
    </ClCompile>
    <ClCompile Include="MiniDumpException.cpp">
      <Filter>ViewModel</Filter>
    </ClCompile>
    <ClCompile Include="DumpFileStreamThreadContext.cpp">
      <Filter>ViewModel</Filter>
    </ClCompile>
    <ClCompile Include="DumpFileStreamX86ThreadContext.cpp">
      <Filter>ViewModel</Filter>
    </ClCompile>
    <ClCompile Include="Wow64FloatingSaveArea.cpp">
      <Filter>ViewModel</Filter>
    </ClCompile>
    <ClCompile Include="DumpFileStreamX64ThreadContext.cpp">
      <Filter>ViewModel</Filter>
    </ClCompile>
    <ClCompile Include="DumpFile.cpp">
      <Filter>ViewModel</Filter>
    </ClCompile>
    <ClCompile Include="HStringHelper.cpp">
      <Filter>Source Files</Filter>
    </ClCompile>
    <ClCompile Include="StackTrace.cpp">
      <Filter>ViewModel</Filter>
    </ClCompile>
    <ClCompile Include="DbgHelpDispatcher.cpp">
      <Filter>Source Files</Filter>
    </ClCompile>
    <ClCompile Include="MiniDumpData.cpp">
      <Filter>Source Files</Filter>
    </ClCompile>
    <ClCompile Include="StackFrame.cpp">
      <Filter>ViewModel</Filter>
    </ClCompile>
    <ClCompile Include="DumpFileStreamSystemInfo.cpp">
      <Filter>ViewModel</Filter>
    </ClCompile>
    <ClCompile Include="MiniDumpSystemInfo.cpp">
      <Filter>ViewModel</Filter>
    </ClCompile>
    <ClCompile Include="CpuInformation.cpp">
      <Filter>ViewModel</Filter>
    </ClCompile>
    <ClCompile Include="X86CpuInfo.cpp">
      <Filter>ViewModel</Filter>
    </ClCompile>
    <ClCompile Include="OtherCpuInfo.cpp">
      <Filter>ViewModel</Filter>
    </ClCompile>
    <ClCompile Include="DumpFileStreamMiscInfo.cpp">
      <Filter>ViewModel</Filter>
    </ClCompile>
    <ClCompile Include="MiniDumpMiscInfo.cpp">
      <Filter>ViewModel</Filter>
    </ClCompile>
    <ClCompile Include="MiniDumpMiscInfo2.cpp">
      <Filter>ViewModel</Filter>
    </ClCompile>
    <ClCompile Include="MiniDumpMiscInfo3.cpp">
      <Filter>ViewModel</Filter>
    </ClCompile>
    <ClCompile Include="TimeZoneInformation.cpp">
      <Filter>ViewModel</Filter>
    </ClCompile>
    <ClCompile Include="MiniDumpMiscInfo4.cpp">
      <Filter>ViewModel</Filter>
    </ClCompile>
    <ClCompile Include="MiniDumpMiscInfo5.cpp">
      <Filter>ViewModel</Filter>
    </ClCompile>
    <ClCompile Include="XStateConfigFeatureMscInfo.cpp">
      <Filter>ViewModel</Filter>
    </ClCompile>
    <ClCompile Include="XStateFeature.cpp">
      <Filter>ViewModel</Filter>
    </ClCompile>
    <ClCompile Include="SystemTime.cpp">
      <Filter>ViewModel</Filter>
    </ClCompile>
  </ItemGroup>
  <ItemGroup>
    <Image Include="MiniDumpExplorer.ico">
      <Filter>Resource Files</Filter>
    </Image>
    <Image Include="small.ico">
      <Filter>Resource Files</Filter>
    </Image>
  </ItemGroup>
  <ItemGroup>
    <ResourceCompile Include="MiniDumpExplorer.rc">
      <Filter>Resource Files</Filter>
    </ResourceCompile>
  </ItemGroup>
</Project>