<?xml version="1.0" encoding="utf-8"?>
<Project ToolsVersion="4.0" xmlns="http://schemas.microsoft.com/developer/msbuild/2003">
  <ItemGroup>
    <Filter Include="Source Files">
      <UniqueIdentifier>{4FC737F1-C7A5-4376-A066-2A32D752A2FF}</UniqueIdentifier>
      <Extensions>cpp;c;cc;cxx;c++;def;odl;idl;hpj;bat;asm;asmx</Extensions>
    </Filter>
    <Filter Include="Header Files">
      <UniqueIdentifier>{93995380-89BD-4b04-88EB-625FBE52EBFB}</UniqueIdentifier>
      <Extensions>h;hh;hpp;hxx;h++;hm;inl;inc;ipp;xsd</Extensions>
    </Filter>
    <Filter Include="Resource Files">
      <UniqueIdentifier>{67DA6AB6-F800-4c08-8B7A-83BB121AAD01}</UniqueIdentifier>
      <Extensions>rc;ico;cur;bmp;dlg;rc2;rct;bin;rgs;gif;jpg;jpeg;jpe;resx;tiff;tif;png;wav;mfcribbon-ms</Extensions>
    </Filter>
    <Filter Include="Streams">
      <UniqueIdentifier>{b4b04d9e-8bd5-42e3-9eec-948667913471}</UniqueIdentifier>
    </Filter>
    <Filter Include="MiniDump">
      <UniqueIdentifier>{691c4579-78eb-4115-a8c5-2b42cf405ba6}</UniqueIdentifier>
    </Filter>
    <Filter Include="Utility">
      <UniqueIdentifier>{409622f7-7645-4241-9760-4e0e2c51cf92}</UniqueIdentifier>
    </Filter>
    <Filter Include="StreamUtilities">
      <UniqueIdentifier>{062d076b-4c4f-46bb-804d-e7a6cf157490}</UniqueIdentifier>
    </Filter>
    <Filter Include="DbgHelp">
      <UniqueIdentifier>{52ce0b28-2976-47a9-9e36-5ce95bfa42d6}</UniqueIdentifier>
    </Filter>
    <Filter Include="PeUtilities">
      <UniqueIdentifier>{28335426-c3bb-4853-bcf8-84838f821f6b}</UniqueIdentifier>
    </Filter>
    <Filter Include="Heap">
      <UniqueIdentifier>{e616095c-6b7e-4f68-b982-40b698b3dfad}</UniqueIdentifier>
    </Filter>
    <Filter Include="Process">
      <UniqueIdentifier>{3bc23df8-67b5-4325-aabb-4ee585e117d4}</UniqueIdentifier>
    </Filter>
    <Filter Include="NtdllUtilities">
      <UniqueIdentifier>{cc69d50d-9c5d-4f26-b491-694fc0bb28c8}</UniqueIdentifier>
    </Filter>
    <Filter Include="Heap\NtHeap">
      <UniqueIdentifier>{c78c3947-6d6e-418e-b348-fb0c4dd8d83b}</UniqueIdentifier>
    </Filter>
    <Filter Include="Heap\DebugHeap">
      <UniqueIdentifier>{4a092b50-b94a-4077-a260-ba483cc7840b}</UniqueIdentifier>
    </Filter>
    <Filter Include="Heap\SegmentHeap">
      <UniqueIdentifier>{6a4b9615-9f65-462a-b277-d877ed6297ab}</UniqueIdentifier>
    </Filter>
    <Filter Include="Heap\Crt">
      <UniqueIdentifier>{d9ef71f3-ae62-478d-b2a9-15ab03c13df4}</UniqueIdentifier>
    </Filter>
    <Filter Include="Heap\ProcessHeaps">
      <UniqueIdentifier>{63f6b202-ccc1-4a46-acc7-3ed0bf2dea07}</UniqueIdentifier>
    </Filter>
    <Filter Include="Heap\ProcessHeaps\StatisticViews">
      <UniqueIdentifier>{dfc928a3-8d9d-4b62-9c07-e628683d8d02}</UniqueIdentifier>
    </Filter>
  </ItemGroup>
  <ItemGroup>
    <ClCompile Include="comment_stream_a.cpp">
      <Filter>Streams</Filter>
    </ClCompile>
    <ClCompile Include="comment_stream_w.cpp">
      <Filter>Streams</Filter>
    </ClCompile>
    <ClCompile Include="memory_list_stream.cpp">
      <Filter>Streams</Filter>
    </ClCompile>
    <ClCompile Include="memory64_list_stream.cpp">
      <Filter>Streams</Filter>
    </ClCompile>
    <ClCompile Include="module_list_stream.cpp">
      <Filter>Streams</Filter>
    </ClCompile>
    <ClCompile Include="unloaded_module_list_stream.cpp">
      <Filter>Streams</Filter>
    </ClCompile>
    <ClCompile Include="string_stream.cpp">
      <Filter>Streams</Filter>
    </ClCompile>
    <ClCompile Include="stream_module.cpp">
      <Filter>Streams</Filter>
    </ClCompile>
    <ClCompile Include="stream_unloaded_module.cpp">
      <Filter>Streams</Filter>
    </ClCompile>
    <ClCompile Include="misc_info_stream.cpp">
      <Filter>Streams</Filter>
    </ClCompile>
    <ClCompile Include="system_info_stream.cpp">
      <Filter>Streams</Filter>
    </ClCompile>
    <ClCompile Include="mini_dump_type.cpp">
      <Filter>MiniDump</Filter>
    </ClCompile>
    <ClCompile Include="mini_dump.cpp">
      <Filter>MiniDump</Filter>
    </ClCompile>
    <ClCompile Include="mini_dump_stream_type.cpp">
      <Filter>MiniDump</Filter>
    </ClCompile>
    <ClCompile Include="hex_dump.cpp">
      <Filter>Utility</Filter>
    </ClCompile>
    <ClCompile Include="guid_utils.cpp">
      <Filter>Utility</Filter>
    </ClCompile>
    <ClCompile Include="string_conversation.cpp">
      <Filter>Utility</Filter>
    </ClCompile>
    <ClCompile Include="time_utils.cpp">
      <Filter>Utility</Filter>
    </ClCompile>
    <ClCompile Include="windows_error.cpp">
      <Filter>Utility</Filter>
    </ClCompile>
    <ClCompile Include="size_units.cpp">
      <Filter>Utility</Filter>
    </ClCompile>
    <ClCompile Include="time_units.cpp">
      <Filter>Utility</Filter>
    </ClCompile>
    <ClCompile Include="exception_stream.cpp">
      <Filter>Streams</Filter>
    </ClCompile>
    <ClCompile Include="thread_names_list_stream.cpp">
      <Filter>Streams</Filter>
    </ClCompile>
    <ClCompile Include="stream_thread_name.cpp">
      <Filter>Streams</Filter>
    </ClCompile>
    <ClCompile Include="filesystem_utils.cpp">
      <Filter>Utility</Filter>
    </ClCompile>
    <ClCompile Include="thread_list_stream.cpp">
      <Filter>Streams</Filter>
    </ClCompile>
    <ClCompile Include="stream_thread.cpp">
      <Filter>Streams</Filter>
    </ClCompile>
    <ClCompile Include="thread_ex_list_stream.cpp">
      <Filter>Streams</Filter>
    </ClCompile>
    <ClCompile Include="stream_thread_ex.cpp">
      <Filter>Streams</Filter>
    </ClCompile>
    <ClCompile Include="stream_thread_context.cpp">
      <Filter>Streams</Filter>
    </ClCompile>
    <ClCompile Include="memory_info_list_stream.cpp">
      <Filter>Streams</Filter>
    </ClCompile>
    <ClCompile Include="cv_info_pdb70.cpp">
      <Filter>StreamUtilities</Filter>
    </ClCompile>
    <ClCompile Include="exception_utils.cpp">
      <Filter>StreamUtilities</Filter>
    </ClCompile>
    <ClCompile Include="system_info_utils.cpp">
      <Filter>StreamUtilities</Filter>
    </ClCompile>
    <ClCompile Include="memory_info_utils.cpp">
      <Filter>StreamUtilities</Filter>
    </ClCompile>
    <ClCompile Include="thread_info_list_stream.cpp">
      <Filter>Streams</Filter>
    </ClCompile>
    <ClCompile Include="thread_info_utils.cpp">
      <Filter>StreamUtilities</Filter>
    </ClCompile>
    <ClCompile Include="system_memory_info_stream.cpp">
      <Filter>Streams</Filter>
    </ClCompile>
    <ClCompile Include="process_vm_counters_stream.cpp">
      <Filter>Streams</Filter>
    </ClCompile>
    <ClCompile Include="stream_token_info.cpp">
      <Filter>Streams</Filter>
    </ClCompile>
    <ClCompile Include="token_info_list_stream.cpp">
      <Filter>Streams</Filter>
    </ClCompile>
    <ClCompile Include="stream_function_descriptor.cpp">
      <Filter>Streams</Filter>
    </ClCompile>
    <ClCompile Include="function_table_stream.cpp">
      <Filter>Streams</Filter>
    </ClCompile>
    <ClCompile Include="stream_function_entry.cpp">
      <Filter>Streams</Filter>
    </ClCompile>
    <ClCompile Include="handle_operation_list_stream.cpp">
      <Filter>Streams</Filter>
    </ClCompile>
    <ClCompile Include="handle_data_stream.cpp">
      <Filter>Streams</Filter>
    </ClCompile>
    <ClCompile Include="stream_handle.cpp">
      <Filter>Streams</Filter>
    </ClCompile>
    <ClCompile Include="stream_handle_object_information.cpp">
      <Filter>Streams</Filter>
    </ClCompile>
    <ClCompile Include="stream_thread_info.cpp">
      <Filter>Streams</Filter>
    </ClCompile>
    <ClCompile Include="symbol_engine.cpp">
      <Filter>DbgHelp</Filter>
    </ClCompile>
    <ClCompile Include="stream_stack_dump.cpp">
      <Filter>StreamUtilities</Filter>
    </ClCompile>
    <ClCompile Include="mini_dump_memory_walker.cpp">
      <Filter>StreamUtilities</Filter>
    </ClCompile>
    <ClCompile Include="pe_file.cpp">
      <Filter>PeUtilities</Filter>
    </ClCompile>
    <ClCompile Include="pe_file_memory_mapping.cpp">
      <Filter>PeUtilities</Filter>
    </ClCompile>
    <ClCompile Include="find_thread_stack.cpp">
      <Filter>StreamUtilities</Filter>
    </ClCompile>
    <ClCompile Include="locale_number_formatting.cpp">
      <Filter>Utility</Filter>
    </ClCompile>
    <ClCompile Include="symbol_type_info.cpp">
      <Filter>DbgHelp</Filter>
    </ClCompile>
    <ClCompile Include="symbol_info_buffer.cpp">
      <Filter>DbgHelp</Filter>
    </ClCompile>
    <ClCompile Include="module_match.cpp">
      <Filter>StreamUtilities</Filter>
    </ClCompile>
    <ClCompile Include="symbol_type_utils.cpp">
      <Filter>StreamUtilities</Filter>
    </ClCompile>
    <ClCompile Include="stream_utils.cpp">
      <Filter>StreamUtilities</Filter>
    </ClCompile>
    <ClCompile Include="common_symbol_names.cpp">
      <Filter>StreamUtilities</Filter>
    </ClCompile>
    <ClCompile Include="gflags_utils.cpp">
      <Filter>StreamUtilities</Filter>
    </ClCompile>
    <ClCompile Include="common_symbol_utils.cpp">
      <Filter>StreamUtilities</Filter>
    </ClCompile>
    <ClCompile Include="ust_address_stack_trace.cpp">
      <Filter>Heap</Filter>
    </ClCompile>
    <ClCompile Include="process_environment_block.cpp">
      <Filter>Process</Filter>
    </ClCompile>
    <ClCompile Include="process_environment_variables.cpp">
      <Filter>Process</Filter>
    </ClCompile>
    <ClCompile Include="page_range_flags_utils.cpp">
      <Filter>StreamUtilities</Filter>
    </ClCompile>
    <ClCompile Include="list_entry_walker.cpp">
      <Filter>NtdllUtilities</Filter>
    </ClCompile>
    <ClCompile Include="rtl_balanced_links_walker.cpp">
      <Filter>NtdllUtilities</Filter>
    </ClCompile>
    <ClCompile Include="rtl_rb_tree_walker.cpp">
      <Filter>NtdllUtilities</Filter>
    </ClCompile>
    <ClCompile Include="heap_entry.cpp">
      <Filter>Heap\NtHeap</Filter>
    </ClCompile>
    <ClCompile Include="dph_entry.cpp">
      <Filter>Heap\DebugHeap</Filter>
    </ClCompile>
    <ClCompile Include="dph_heap.cpp">
      <Filter>Heap\DebugHeap</Filter>
    </ClCompile>
    <ClCompile Include="heap_lfh_context.cpp">
      <Filter>Heap\SegmentHeap</Filter>
    </ClCompile>
    <ClCompile Include="heap_page_segment.cpp">
      <Filter>Heap\SegmentHeap</Filter>
    </ClCompile>
    <ClCompile Include="heap_segment.cpp">
      <Filter>Heap\NtHeap</Filter>
    </ClCompile>
    <ClCompile Include="heap_segment_context.cpp">
      <Filter>Heap\SegmentHeap</Filter>
    </ClCompile>
    <ClCompile Include="heap_subsegment.cpp">
      <Filter>Heap\NtHeap</Filter>
    </ClCompile>
    <ClCompile Include="heap_ucr_descriptor.cpp">
      <Filter>Heap\NtHeap</Filter>
    </ClCompile>
    <ClCompile Include="heap_virtual_block.cpp">
      <Filter>Heap\NtHeap</Filter>
    </ClCompile>
    <ClCompile Include="heap_vs_context.cpp">
      <Filter>Heap\SegmentHeap</Filter>
    </ClCompile>
    <ClCompile Include="heap_vs_entry.cpp">
      <Filter>Heap\SegmentHeap</Filter>
    </ClCompile>
    <ClCompile Include="heap_vs_subsegment.cpp">
      <Filter>Heap\SegmentHeap</Filter>
    </ClCompile>
    <ClCompile Include="large_alloc_entry.cpp">
      <Filter>Heap\SegmentHeap</Filter>
    </ClCompile>
    <ClCompile Include="lfh_heap.cpp">
      <Filter>Heap\NtHeap</Filter>
    </ClCompile>
    <ClCompile Include="lfh_segment.cpp">
      <Filter>Heap\NtHeap</Filter>
    </ClCompile>
    <ClCompile Include="nt_heap.cpp">
      <Filter>Heap\NtHeap</Filter>
    </ClCompile>
    <ClCompile Include="page_range_descriptor.cpp">
      <Filter>Heap\SegmentHeap</Filter>
    </ClCompile>
    <ClCompile Include="segment_heap.cpp">
      <Filter>Heap\SegmentHeap</Filter>
    </ClCompile>
    <ClCompile Include="heap_lfh_bucket.cpp">
      <Filter>Heap\SegmentHeap</Filter>
    </ClCompile>
    <ClCompile Include="heap_lfh_affinity_slot.cpp">
      <Filter>Heap\SegmentHeap</Filter>
    </ClCompile>
    <ClCompile Include="heap_lfh_subsegment.cpp">
      <Filter>Heap\SegmentHeap</Filter>
    </ClCompile>
    <ClCompile Include="lfh_subsegment_location_utils.cpp">
      <Filter>StreamUtilities</Filter>
    </ClCompile>
    <ClCompile Include="heap_lfh_entry.cpp">
      <Filter>Heap\SegmentHeap</Filter>
    </ClCompile>
    <ClCompile Include="segment_heap_utils.cpp">
      <Filter>Heap\SegmentHeap</Filter>
    </ClCompile>
    <ClCompile Include="mini_dump_memory_stream.cpp">
      <Filter>StreamUtilities</Filter>
    </ClCompile>
    <ClCompile Include="crt_heap.cpp">
      <Filter>Heap\Crt</Filter>
    </ClCompile>
    <ClCompile Include="crt_entry.cpp">
      <Filter>Heap\Crt</Filter>
    </ClCompile>
    <ClCompile Include="process_heap_entry.cpp">
      <Filter>Heap\ProcessHeaps</Filter>
    </ClCompile>
    <ClCompile Include="process_heaps.cpp">
      <Filter>Heap\ProcessHeaps</Filter>
    </ClCompile>
    <ClCompile Include="process_heaps_statistic_view.cpp">
      <Filter>Heap\ProcessHeaps</Filter>
    </ClCompile>
    <ClCompile Include="process_heaps_statistics.cpp">
      <Filter>Heap\ProcessHeaps</Filter>
    </ClCompile>
    <ClCompile Include="interface_process_heaps_statistic_view_impl.cpp">
      <Filter>Heap\ProcessHeaps</Filter>
    </ClCompile>
    <ClCompile Include="by_size_frequency_view.cpp">
      <Filter>Heap\ProcessHeaps\StatisticViews</Filter>
    </ClCompile>
    <ClCompile Include="process_heaps_statistic_bucket_view.cpp">
      <Filter>Heap\ProcessHeaps</Filter>
    </ClCompile>
    <ClCompile Include="allocation_stack_trace_helper.cpp">
      <Filter>Heap\ProcessHeaps\StatisticViews</Filter>
    </ClCompile>
    <ClCompile Include="system_module_list.cpp">
      <Filter>Heap\ProcessHeaps\StatisticViews</Filter>
    </ClCompile>
    <ClCompile Include="by_size_ranges_frequency_view.cpp">
      <Filter>Heap\ProcessHeaps\StatisticViews</Filter>
    </ClCompile>
    <ClCompile Include="by_stacktrace_frequency_view.cpp">
      <Filter>Heap\ProcessHeaps\StatisticViews</Filter>
    </ClCompile>
    <ClCompile Include="by_application_callsite_frequency_view.cpp">
      <Filter>Heap\ProcessHeaps\StatisticViews</Filter>
    </ClCompile>
    <ClCompile Include="global_variables.cpp">
      <Filter>Process</Filter>
    </ClCompile>
    <ClCompile Include="global_variable.cpp">
      <Filter>Process</Filter>
    </ClCompile>
    <ClCompile Include="register_names.cpp">
      <Filter>StreamUtilities</Filter>
    </ClCompile>
    <ClCompile Include="stream_module_name.cpp">
      <Filter>Streams</Filter>
    </ClCompile>
    <ClCompile Include="heap_match_utils.cpp">
      <Filter>Heap</Filter>
    </ClCompile>
    <ClCompile Include="symbol_type_walker.cpp">
      <Filter>StreamUtilities</Filter>
    </ClCompile>
  </ItemGroup>
  <ItemGroup>
    <ClInclude Include="comment_stream_a.h">
      <Filter>Streams</Filter>
    </ClInclude>
    <ClInclude Include="comment_stream_w.h">
      <Filter>Streams</Filter>
    </ClInclude>
    <ClInclude Include="memory_list_stream.h">
      <Filter>Streams</Filter>
    </ClInclude>
    <ClInclude Include="memory64_list_stream.h">
      <Filter>Streams</Filter>
    </ClInclude>
    <ClInclude Include="module_list_stream.h">
      <Filter>Streams</Filter>
    </ClInclude>
    <ClInclude Include="stream_module.h">
      <Filter>Streams</Filter>
    </ClInclude>
    <ClInclude Include="string_stream.h">
      <Filter>Streams</Filter>
    </ClInclude>
    <ClInclude Include="system_info_stream.h">
      <Filter>Streams</Filter>
    </ClInclude>
    <ClInclude Include="unloaded_module_list_stream.h">
      <Filter>Streams</Filter>
    </ClInclude>
    <ClInclude Include="stream_unloaded_module.h">
      <Filter>Streams</Filter>
    </ClInclude>
    <ClInclude Include="misc_info_stream.h">
      <Filter>Streams</Filter>
    </ClInclude>
    <ClInclude Include="mini_dump.h">
      <Filter>MiniDump</Filter>
    </ClInclude>
    <ClInclude Include="mini_dump_stream_type.h">
      <Filter>MiniDump</Filter>
    </ClInclude>
    <ClInclude Include="mini_dump_type.h">
      <Filter>MiniDump</Filter>
    </ClInclude>
    <ClInclude Include="windows_error.h">
      <Filter>Utility</Filter>
    </ClInclude>
    <ClInclude Include="wide_runtime_error.h">
      <Filter>Utility</Filter>
    </ClInclude>
    <ClInclude Include="time_utils.h">
      <Filter>Utility</Filter>
    </ClInclude>
    <ClInclude Include="string_conversation.h">
      <Filter>Utility</Filter>
    </ClInclude>
    <ClInclude Include="stream_hex_dump.h">
      <Filter>Utility</Filter>
    </ClInclude>
    <ClInclude Include="hex_dump.h">
      <Filter>Utility</Filter>
    </ClInclude>
    <ClInclude Include="handles.h">
      <Filter>Utility</Filter>
    </ClInclude>
    <ClInclude Include="guid_utils.h">
      <Filter>Utility</Filter>
    </ClInclude>
    <ClInclude Include="crc.h">
      <Filter>Utility</Filter>
    </ClInclude>
    <ClInclude Include="size_units.h">
      <Filter>Utility</Filter>
    </ClInclude>
    <ClInclude Include="chrono_unit_convert_to_string.h">
      <Filter>Utility</Filter>
    </ClInclude>
    <ClInclude Include="time_units.h">
      <Filter>Utility</Filter>
    </ClInclude>
    <ClInclude Include="exception_stream.h">
      <Filter>Streams</Filter>
    </ClInclude>
    <ClInclude Include="system_time_utils.h">
      <Filter>Utility</Filter>
    </ClInclude>
    <ClInclude Include="thread_names_list_stream.h">
      <Filter>Streams</Filter>
    </ClInclude>
    <ClInclude Include="stream_thread_name.h">
      <Filter>Streams</Filter>
    </ClInclude>
    <ClInclude Include="filesystem_utils.h">
      <Filter>Utility</Filter>
    </ClInclude>
    <ClInclude Include="thread_list_stream.h">
      <Filter>Streams</Filter>
    </ClInclude>
    <ClInclude Include="stream_thread.h">
      <Filter>Streams</Filter>
    </ClInclude>
    <ClInclude Include="stream_thread_context.h">
      <Filter>Streams</Filter>
    </ClInclude>
    <ClInclude Include="thread_ex_list_stream.h">
      <Filter>Streams</Filter>
    </ClInclude>
    <ClInclude Include="stream_thread_ex.h">
      <Filter>Streams</Filter>
    </ClInclude>
    <ClInclude Include="memory_info_list_stream.h">
      <Filter>Streams</Filter>
    </ClInclude>
    <ClInclude Include="system_info_utils.h">
      <Filter>StreamUtilities</Filter>
    </ClInclude>
    <ClInclude Include="cv_info_pdb70.h">
      <Filter>StreamUtilities</Filter>
    </ClInclude>
    <ClInclude Include="exception_utils.h">
      <Filter>StreamUtilities</Filter>
    </ClInclude>
    <ClInclude Include="memory_info_utils.h">
      <Filter>StreamUtilities</Filter>
    </ClInclude>
    <ClInclude Include="thread_info_list_stream.h">
      <Filter>Streams</Filter>
    </ClInclude>
    <ClInclude Include="thread_info_utils.h">
      <Filter>StreamUtilities</Filter>
    </ClInclude>
    <ClInclude Include="flags_string_utils.h">
      <Filter>Utility</Filter>
    </ClInclude>
    <ClInclude Include="system_memory_info_stream.h">
      <Filter>Streams</Filter>
    </ClInclude>
    <ClInclude Include="process_vm_counters_stream.h">
      <Filter>Streams</Filter>
    </ClInclude>
    <ClInclude Include="token_info_list_stream.h">
      <Filter>Streams</Filter>
    </ClInclude>
    <ClInclude Include="stream_token_info.h">
      <Filter>Streams</Filter>
    </ClInclude>
    <ClInclude Include="function_table_stream.h">
      <Filter>Streams</Filter>
    </ClInclude>
    <ClInclude Include="stream_function_descriptor.h">
      <Filter>Streams</Filter>
    </ClInclude>
    <ClInclude Include="stream_function_entry.h">
      <Filter>Streams</Filter>
    </ClInclude>
    <ClInclude Include="handle_operation_list_stream.h">
      <Filter>Streams</Filter>
    </ClInclude>
    <ClInclude Include="handle_data_stream.h">
      <Filter>Streams</Filter>
    </ClInclude>
    <ClInclude Include="stream_handle.h">
      <Filter>Streams</Filter>
    </ClInclude>
    <ClInclude Include="stream_handle_object_information.h">
      <Filter>Streams</Filter>
    </ClInclude>
    <ClInclude Include="stream_thread_info.h">
      <Filter>Streams</Filter>
    </ClInclude>
    <ClInclude Include="symbol_engine.h">
      <Filter>DbgHelp</Filter>
    </ClInclude>
    <ClInclude Include="stream_stack_dump.h">
      <Filter>StreamUtilities</Filter>
    </ClInclude>
    <ClInclude Include="function_table_entry_type.h">
      <Filter>Streams</Filter>
    </ClInclude>
    <ClInclude Include="i_stack_walk_callback.h">
      <Filter>DbgHelp</Filter>
    </ClInclude>
    <ClInclude Include="mini_dump_memory_walker.h">
      <Filter>StreamUtilities</Filter>
    </ClInclude>
    <ClInclude Include="pe_file.h">
      <Filter>PeUtilities</Filter>
    </ClInclude>
    <ClInclude Include="pe_file_memory_mapping.h">
      <Filter>PeUtilities</Filter>
    </ClInclude>
    <ClInclude Include="exit_scope.h">
      <Filter>Utility</Filter>
    </ClInclude>
    <ClInclude Include="range_units.h">
      <Filter>Utility</Filter>
    </ClInclude>
    <ClInclude Include="i_symbol_load_callback.h">
      <Filter>DbgHelp</Filter>
    </ClInclude>
    <ClInclude Include="find_thread_stack.h">
      <Filter>StreamUtilities</Filter>
    </ClInclude>
    <ClInclude Include="vector_to_hash_set.h">
      <Filter>Utility</Filter>
    </ClInclude>
    <ClInclude Include="symbol_address_info.h">
      <Filter>DbgHelp</Filter>
    </ClInclude>
    <ClInclude Include="locale_number_formatting.h">
      <Filter>Utility</Filter>
    </ClInclude>
    <ClInclude Include="symbol_type_info.h">
      <Filter>DbgHelp</Filter>
    </ClInclude>
    <ClInclude Include="sym_tag_enum.h">
      <Filter>DbgHelp</Filter>
    </ClInclude>
    <ClInclude Include="symbol_info_buffer.h">
      <Filter>DbgHelp</Filter>
    </ClInclude>
    <ClInclude Include="module_match.h">
      <Filter>StreamUtilities</Filter>
    </ClInclude>
    <ClInclude Include="symbol_type_utils.h">
      <Filter>StreamUtilities</Filter>
    </ClInclude>
    <ClInclude Include="basic_type.h">
      <Filter>DbgHelp</Filter>
    </ClInclude>
    <ClInclude Include="windows_setup.h">
      <Filter>Utility</Filter>
    </ClInclude>
    <ClInclude Include="udt_kind_type.h">
      <Filter>DbgHelp</Filter>
    </ClInclude>
    <ClInclude Include="call_convention.h">
      <Filter>DbgHelp</Filter>
    </ClInclude>
    <ClInclude Include="data_kind.h">
      <Filter>DbgHelp</Filter>
    </ClInclude>
    <ClInclude Include="print_utils.h">
      <Filter>Utility</Filter>
    </ClInclude>
    <ClInclude Include="stream_utils.h">
      <Filter>StreamUtilities</Filter>
    </ClInclude>
    <ClInclude Include="common_symbol_names.h">
      <Filter>StreamUtilities</Filter>
    </ClInclude>
    <ClInclude Include="gflags_utils.h">
      <Filter>StreamUtilities</Filter>
    </ClInclude>
    <ClInclude Include="common_symbol_utils.h">
      <Filter>StreamUtilities</Filter>
    </ClInclude>
    <ClInclude Include="hash_combine.h">
      <Filter>Utility</Filter>
    </ClInclude>
    <ClInclude Include="string_compare.h">
      <Filter>Utility</Filter>
    </ClInclude>
    <ClInclude Include="ust_address_stack_trace.h">
      <Filter>Heap</Filter>
    </ClInclude>
    <ClInclude Include="process_environment_block.h">
      <Filter>Process</Filter>
    </ClInclude>
    <ClInclude Include="process_environment_variables.h">
      <Filter>Process</Filter>
    </ClInclude>
    <ClInclude Include="page_range_flags_utils.h">
      <Filter>StreamUtilities</Filter>
    </ClInclude>
    <ClInclude Include="list_entry_walker.h">
      <Filter>NtdllUtilities</Filter>
    </ClInclude>
    <ClInclude Include="rtl_balanced_links_walker.h">
      <Filter>NtdllUtilities</Filter>
    </ClInclude>
    <ClInclude Include="rtl_rb_tree_walker.h">
      <Filter>NtdllUtilities</Filter>
    </ClInclude>
    <ClInclude Include="heap_entry.h">
      <Filter>Heap\NtHeap</Filter>
    </ClInclude>
    <ClInclude Include="dph_entry.h">
      <Filter>Heap\DebugHeap</Filter>
    </ClInclude>
    <ClInclude Include="dph_heap.h">
      <Filter>Heap\DebugHeap</Filter>
    </ClInclude>
    <ClInclude Include="heap_lfh_context.h">
      <Filter>Heap\SegmentHeap</Filter>
    </ClInclude>
    <ClInclude Include="heap_page_segment.h">
      <Filter>Heap\SegmentHeap</Filter>
    </ClInclude>
    <ClInclude Include="heap_segment.h">
      <Filter>Heap\NtHeap</Filter>
    </ClInclude>
    <ClInclude Include="heap_segment_context.h">
      <Filter>Heap\SegmentHeap</Filter>
    </ClInclude>
    <ClInclude Include="heap_subsegment.h">
      <Filter>Heap\NtHeap</Filter>
    </ClInclude>
    <ClInclude Include="heap_ucr_descriptor.h">
      <Filter>Heap\NtHeap</Filter>
    </ClInclude>
    <ClInclude Include="heap_virtual_block.h">
      <Filter>Heap\NtHeap</Filter>
    </ClInclude>
    <ClInclude Include="heap_vs_context.h">
      <Filter>Heap\SegmentHeap</Filter>
    </ClInclude>
    <ClInclude Include="heap_vs_entry.h">
      <Filter>Heap\SegmentHeap</Filter>
    </ClInclude>
    <ClInclude Include="heap_vs_subsegment.h">
      <Filter>Heap\SegmentHeap</Filter>
    </ClInclude>
    <ClInclude Include="large_alloc_entry.h">
      <Filter>Heap\SegmentHeap</Filter>
    </ClInclude>
    <ClInclude Include="lfh_heap.h">
      <Filter>Heap\NtHeap</Filter>
    </ClInclude>
    <ClInclude Include="lfh_segment.h">
      <Filter>Heap\NtHeap</Filter>
    </ClInclude>
    <ClInclude Include="nt_heap.h">
      <Filter>Heap\NtHeap</Filter>
    </ClInclude>
    <ClInclude Include="page_range_descriptor.h">
      <Filter>Heap\SegmentHeap</Filter>
    </ClInclude>
    <ClInclude Include="segment_heap.h">
      <Filter>Heap\SegmentHeap</Filter>
    </ClInclude>
    <ClInclude Include="heap_lfh_bucket.h">
      <Filter>Heap\SegmentHeap</Filter>
    </ClInclude>
    <ClInclude Include="heap_lfh_affinity_slot.h">
      <Filter>Heap\SegmentHeap</Filter>
    </ClInclude>
    <ClInclude Include="heap_lfh_subsegment.h">
      <Filter>Heap\SegmentHeap</Filter>
    </ClInclude>
    <ClInclude Include="lfh_subsegment_location_utils.h">
      <Filter>StreamUtilities</Filter>
    </ClInclude>
    <ClInclude Include="heap_lfh_entry.h">
      <Filter>Heap\SegmentHeap</Filter>
    </ClInclude>
    <ClInclude Include="segment_heap_utils.h">
      <Filter>Heap\SegmentHeap</Filter>
    </ClInclude>
    <ClInclude Include="mini_dump_memory_stream.h">
      <Filter>StreamUtilities</Filter>
    </ClInclude>
    <ClInclude Include="crt_heap.h">
      <Filter>Heap\Crt</Filter>
    </ClInclude>
    <ClInclude Include="crt_entry.h">
      <Filter>Heap\Crt</Filter>
    </ClInclude>
    <ClInclude Include="process_heap_entry.h">
      <Filter>Heap\ProcessHeaps</Filter>
    </ClInclude>
    <ClInclude Include="process_heaps.h">
      <Filter>Heap\ProcessHeaps</Filter>
    </ClInclude>
    <ClInclude Include="process_heaps_statistic_view.h">
      <Filter>Heap\ProcessHeaps</Filter>
    </ClInclude>
    <ClInclude Include="process_heaps_statistics.h">
      <Filter>Heap\ProcessHeaps</Filter>
    </ClInclude>
    <ClInclude Include="interface_process_heaps_statistic_view_impl.h">
      <Filter>Heap\ProcessHeaps</Filter>
    </ClInclude>
    <ClInclude Include="by_size_frequency_view.h">
      <Filter>Heap\ProcessHeaps\StatisticViews</Filter>
    </ClInclude>
    <ClInclude Include="process_heaps_statistic_bucket_view.h">
      <Filter>Heap\ProcessHeaps</Filter>
    </ClInclude>
    <ClInclude Include="allocation_stack_trace_helper.h">
      <Filter>Heap\ProcessHeaps\StatisticViews</Filter>
    </ClInclude>
    <ClInclude Include="system_module_list.h">
      <Filter>Heap\ProcessHeaps\StatisticViews</Filter>
    </ClInclude>
    <ClInclude Include="string_utils.h">
      <Filter>Utility</Filter>
    </ClInclude>
    <ClInclude Include="by_size_ranges_frequency_view.h">
      <Filter>Heap\ProcessHeaps\StatisticViews</Filter>
    </ClInclude>
    <ClInclude Include="statistic_view_options.h">
      <Filter>Heap\ProcessHeaps\StatisticViews</Filter>
    </ClInclude>
    <ClInclude Include="by_stacktrace_frequency_view.h">
      <Filter>Heap\ProcessHeaps\StatisticViews</Filter>
    </ClInclude>
    <ClInclude Include="by_application_callsite_frequency_view.h">
      <Filter>Heap\ProcessHeaps\StatisticViews</Filter>
    </ClInclude>
    <ClInclude Include="join.h">
      <Filter>Utility</Filter>
    </ClInclude>
    <ClInclude Include="global_variables.h">
      <Filter>Process</Filter>
    </ClInclude>
    <ClInclude Include="global_variable.h">
      <Filter>Process</Filter>
    </ClInclude>
    <ClInclude Include="local_variable.h">
      <Filter>DbgHelp</Filter>
    </ClInclude>
    <ClInclude Include="register_names.h">
      <Filter>StreamUtilities</Filter>
    </ClInclude>
    <ClInclude Include="stream_module_name.h">
      <Filter>Streams</Filter>
    </ClInclude>
    <ClInclude Include="cache_manager.h">
      <Filter>Utility</Filter>
    </ClInclude>
    <ClInclude Include="assert_value.h">
      <Filter>Utility</Filter>
    </ClInclude>
    <ClInclude Include="heap_match_utils.h">
      <Filter>Heap</Filter>
    </ClInclude>
    <ClInclude Include="memory_range.h">
      <Filter>Utility</Filter>
    </ClInclude>
    <ClInclude Include="symbol_type_walker.h">
      <Filter>StreamUtilities</Filter>
    </ClInclude>
  </ItemGroup>
</Project>