
Microsoft Visual Studio Solution File, Format Version 12.00
# Visual Studio Version 16
VisualStudioVersion = 16.0.30128.36
MinimumVisualStudioVersion = 10.0.40219.1
Project("{8BC9CEB8-8B4A-11D0-8D11-00A0C91BC942}") = "DbgHelpUtils", "DbgHelpUtils\DbgHelpUtils.vcxproj", "{98F08FD0-52B2-4F66-B212-C6A406C88B37}"
EndProject
Project("{8BC9CEB8-8B4A-11D0-8D11-00A0C91BC942}") = "MiniDumper", "MiniDumper\MiniDumper.vcxproj", "{930465E4-9D42-4781-89BE-DA2EE7A46F19}"
EndProject
Project("{8BC9CEB8-8B4A-11D0-8D11-00A0C91BC942}") = "MiniDumpExplorerDll", "MiniDumpExplorerDll\MiniDumpExplorerDll.vcxproj", "{64E3F584-A79C-40F5-B053-889D626D9D52}"
EndProject
Project("{8BC9CEB8-8B4A-11D0-8D11-00A0C91BC942}") = "MiniDumpExplorerApp", "MiniDumpExplorerApp\MiniDumpExplorerApp.vcxproj", "{791D7E76-ABBA-4AE2-8B54-265D6C3397E3}"
EndProject
Project("{C7167F0D-BC9F-4E6E-AFE1-012C56B48DB5}") = "MiniDumpExplorer", "MiniDumpExplorer\MiniDumpExplorer.wapproj", "{0F79E95F-D076-4E4E-AAAE-17C35E003800}"
EndProject
Project("{8BC9CEB8-8B4A-11D0-8D11-00A0C91BC942}") = "AllocationSetupTests", "AllocationSetupTests\AllocationSetupTests.vcxproj", "{83D65EBC-ABE2-4993-B3BF-AF9AD87FF109}"
EndProject
Global
	GlobalSection(SolutionConfigurationPlatforms) = preSolution
		Debug|x64 = Debug|x64
		Debug|x86 = Debug|x86
		Release|x64 = Release|x64
		Release|x86 = Release|x86
	EndGlobalSection
	GlobalSection(ProjectConfigurationPlatforms) = postSolution
		{98F08FD0-52B2-4F66-B212-C6A406C88B37}.Debug|x64.ActiveCfg = Debug|x64
		{98F08FD0-52B2-4F66-B212-C6A406C88B37}.Debug|x64.Build.0 = Debug|x64
		{98F08FD0-52B2-4F66-B212-C6A406C88B37}.Debug|x86.ActiveCfg = Debug|x64
		{98F08FD0-52B2-4F66-B212-C6A406C88B37}.Release|x64.ActiveCfg = Release|x64
		{98F08FD0-52B2-4F66-B212-C6A406C88B37}.Release|x64.Build.0 = Release|x64
		{98F08FD0-52B2-4F66-B212-C6A406C88B37}.Release|x86.ActiveCfg = Release|x64
		{930465E4-9D42-4781-89BE-DA2EE7A46F19}.Debug|x64.ActiveCfg = Debug|x64
		{930465E4-9D42-4781-89BE-DA2EE7A46F19}.Debug|x64.Build.0 = Debug|x64
		{930465E4-9D42-4781-89BE-DA2EE7A46F19}.Debug|x86.ActiveCfg = Debug|x64
		{930465E4-9D42-4781-89BE-DA2EE7A46F19}.Release|x64.ActiveCfg = Release|x64
		{930465E4-9D42-4781-89BE-DA2EE7A46F19}.Release|x64.Build.0 = Release|x64
		{930465E4-9D42-4781-89BE-DA2EE7A46F19}.Release|x86.ActiveCfg = Release|x64
		{64E3F584-A79C-40F5-B053-889D626D9D52}.Debug|x64.ActiveCfg = Debug|x64
		{64E3F584-A79C-40F5-B053-889D626D9D52}.Debug|x64.Build.0 = Debug|x64
		{64E3F584-A79C-40F5-B053-889D626D9D52}.Debug|x64.Deploy.0 = Debug|x64
		{64E3F584-A79C-40F5-B053-889D626D9D52}.Debug|x86.ActiveCfg = Debug|Win32
		{64E3F584-A79C-40F5-B053-889D626D9D52}.Release|x64.ActiveCfg = Release|x64
		{64E3F584-A79C-40F5-B053-889D626D9D52}.Release|x64.Build.0 = Release|x64
		{64E3F584-A79C-40F5-B053-889D626D9D52}.Release|x64.Deploy.0 = Release|x64
		{64E3F584-A79C-40F5-B053-889D626D9D52}.Release|x86.ActiveCfg = Release|Win32
		{791D7E76-ABBA-4AE2-8B54-265D6C3397E3}.Debug|x64.ActiveCfg = Debug|x64
		{791D7E76-ABBA-4AE2-8B54-265D6C3397E3}.Debug|x64.Build.0 = Debug|x64
		{791D7E76-ABBA-4AE2-8B54-265D6C3397E3}.Debug|x86.ActiveCfg = Debug|Win32
		{791D7E76-ABBA-4AE2-8B54-265D6C3397E3}.Release|x64.ActiveCfg = Release|x64
		{791D7E76-ABBA-4AE2-8B54-265D6C3397E3}.Release|x64.Build.0 = Release|x64
		{791D7E76-ABBA-4AE2-8B54-265D6C3397E3}.Release|x86.ActiveCfg = Release|Win32
		{0F79E95F-D076-4E4E-AAAE-17C35E003800}.Debug|x64.ActiveCfg = Debug|x64
		{0F79E95F-D076-4E4E-AAAE-17C35E003800}.Debug|x64.Build.0 = Debug|x64
		{0F79E95F-D076-4E4E-AAAE-17C35E003800}.Debug|x64.Deploy.0 = Debug|x64
		{0F79E95F-D076-4E4E-AAAE-17C35E003800}.Debug|x86.ActiveCfg = Debug|x86
		{0F79E95F-D076-4E4E-AAAE-17C35E003800}.Release|x64.ActiveCfg = Release|x64
		{0F79E95F-D076-4E4E-AAAE-17C35E003800}.Release|x64.Build.0 = Release|x64
		{0F79E95F-D076-4E4E-AAAE-17C35E003800}.Release|x64.Deploy.0 = Release|x64
		{0F79E95F-D076-4E4E-AAAE-17C35E003800}.Release|x86.ActiveCfg = Release|x86
		{83D65EBC-ABE2-4993-B3BF-AF9AD87FF109}.Debug|x64.ActiveCfg = Debug|x64
		{83D65EBC-ABE2-4993-B3BF-AF9AD87FF109}.Debug|x64.Build.0 = Debug|x64
		{83D65EBC-ABE2-4993-B3BF-AF9AD87FF109}.Debug|x86.ActiveCfg = Debug|Win32
		{83D65EBC-ABE2-4993-B3BF-AF9AD87FF109}.Debug|x86.Build.0 = Debug|Win32
		{83D65EBC-ABE2-4993-B3BF-AF9AD87FF109}.Release|x64.ActiveCfg = Release|x64
		{83D65EBC-ABE2-4993-B3BF-AF9AD87FF109}.Release|x64.Build.0 = Release|x64
		{83D65EBC-ABE2-4993-B3BF-AF9AD87FF109}.Release|x86.ActiveCfg = Release|Win32
		{83D65EBC-ABE2-4993-B3BF-AF9AD87FF109}.Release|x86.Build.0 = Release|Win32
	EndGlobalSection
	GlobalSection(SolutionProperties) = preSolution
		HideSolutionNode = FALSE
	EndGlobalSection
	GlobalSection(ExtensibilityGlobals) = postSolution
		SolutionGuid = {4608FE83-12E6-4AF0-B1F6-73BA9958C966}
	EndGlobalSection
EndGlobal
