<?xml version="1.0" encoding="utf-8"?>
<Project ToolsVersion="4.0" xmlns="http://schemas.microsoft.com/developer/msbuild/2003">
  <ItemGroup>
    <ApplicationDefinition Include="App.xaml" />
  </ItemGroup>
  <ItemGroup>
    <Midl Include="App.idl" />
    <Midl Include="MainPage.idl" />
    <Midl Include="Category.idl">
      <Filter>ViewModel</Filter>
    </Midl>
    <Midl Include="IDumpFile.idl">
      <Filter>ViewModel</Filter>
    </Midl>
    <Midl Include="IDumpFileFactory.idl">
      <Filter>ViewModel</Filter>
    </Midl>
    <Midl Include="IDumpFileStream.idl">
      <Filter>ViewModel</Filter>
    </Midl>
    <Midl Include="IDumpFileHeader.idl">
      <Filter>ViewModel</Filter>
    </Midl>
    <Midl Include="DumpFileType.idl">
      <Filter>ViewModel</Filter>
    </Midl>
    <Midl Include="BooleanToVisibilityConverter.idl">
      <Filter>Converters</Filter>
    </Midl>
    <Midl Include="HexConverter.idl">
      <Filter>Converters</Filter>
    </Midl>
    <Midl Include="NumberConverter.idl">
      <Filter>Converters</Filter>
    </Midl>
    <Midl Include="DateTimeConverter.idl">
      <Filter>Converters</Filter>
    </Midl>
    <Midl Include="IDumpFileStreamComment.idl">
      <Filter>ViewModel</Filter>
    </Midl>
    <Midl Include="IDumpFileStreamException.idl">
      <Filter>ViewModel</Filter>
    </Midl>
    <Midl Include="IMiniDumpException.idl">
      <Filter>ViewModel</Filter>
    </Midl>
    <Midl Include="IDumpFileStreamThreadContext.idl">
      <Filter>ViewModel</Filter>
    </Midl>
    <Midl Include="IDumpFileStreamX86ThreadContext.idl">
      <Filter>ViewModel</Filter>
    </Midl>
    <Midl Include="IDumpFileStreamX64ThreadContext.idl">
      <Filter>ViewModel</Filter>
    </Midl>
    <Midl Include="IWow64FloatingSaveArea.idl">
      <Filter>ViewModel</Filter>
    </Midl>
    <Midl Include="IndexConverter.idl">
      <Filter>Converters</Filter>
    </Midl>
    <Midl Include="IStackTrace.idl">
      <Filter>ViewModel</Filter>
    </Midl>
    <Midl Include="IStackFrame.idl">
      <Filter>ViewModel</Filter>
    </Midl>
  </ItemGroup>
  <ItemGroup>
    <ClCompile Include="pch.cpp" />
    <ClCompile Include="App.cpp" />
    <ClCompile Include="MainPage.cpp" />
    <ClCompile Include="$(GeneratedFilesDir)module.g.cpp" />
    <ClCompile Include="WindowHelper.cpp">
      <Filter>Helpers</Filter>
    </ClCompile>
  </ItemGroup>
  <ItemGroup>
    <ClInclude Include="pch.h" />
    <ClInclude Include="App.base.h" />
    <ClInclude Include="WindowHelper.h">
      <Filter>Helpers</Filter>
    </ClInclude>
  </ItemGroup>
  <ItemGroup>
    <Image Include="Assets\Wide310x150Logo.scale-200.png">
      <Filter>Assets</Filter>
    </Image>
    <Image Include="Assets\StoreLogo.png">
      <Filter>Assets</Filter>
    </Image>
    <Image Include="Assets\Square150x150Logo.scale-200.png">
      <Filter>Assets</Filter>
    </Image>
    <Image Include="Assets\Square44x44Logo.targetsize-24_altform-unplated.png">
      <Filter>Assets</Filter>
    </Image>
    <Image Include="Assets\Square44x44Logo.scale-200.png">
      <Filter>Assets</Filter>
    </Image>
    <Image Include="Assets\SplashScreen.scale-200.png">
      <Filter>Assets</Filter>
    </Image>
    <Image Include="Assets\LockScreenLogo.scale-200.png">
      <Filter>Assets</Filter>
    </Image>
  </ItemGroup>
  <ItemGroup>
    <AppxManifest Include="Package.appxmanifest" />
  </ItemGroup>
  <ItemGroup>
    <Filter Include="Assets">
      <UniqueIdentifier>{e48dc53e-40b1-40cb-970a-f89935452892}</UniqueIdentifier>
    </Filter>
    <Filter Include="Views">
      <UniqueIdentifier>{87580ee4-f95c-4c72-abba-c783c41a4c23}</UniqueIdentifier>
    </Filter>
    <Filter Include="ViewModel">
      <UniqueIdentifier>{7aba2f25-595b-42c7-9126-b683dd772d83}</UniqueIdentifier>
    </Filter>
    <Filter Include="Helpers">
      <UniqueIdentifier>{2e756462-00cb-4a31-ab43-2f875afe4de2}</UniqueIdentifier>
    </Filter>
    <Filter Include="Converters">
      <UniqueIdentifier>{97d41d1a-9096-4267-a4fb-7356a8186f9e}</UniqueIdentifier>
    </Filter>
  </ItemGroup>
  <ItemGroup>
    <None Include="PropertySheet.props" />
    <None Include="packages.config" />
    <None Include="dummy.exe" />
  </ItemGroup>
  <ItemGroup>
    <Page Include="MainPage.xaml">
      <Filter>Views</Filter>
    </Page>
    <Page Include="DumpFileView.xaml">
      <Filter>Views</Filter>
    </Page>
    <Page Include="StackTraceView.xaml">
      <Filter>Views</Filter>
    </Page>
    <Page Include="DumpHeaderView.xaml">
      <Filter>Views</Filter>
    </Page>
    <Page Include="DumpStreamCommentView.xaml">
      <Filter>Views</Filter>
    </Page>
    <Page Include="DumpStreamExceptionView.xaml">
      <Filter>Views</Filter>
    </Page>
    <Page Include="DumpStreamFunctionTableView.xaml">
      <Filter>Views</Filter>
    </Page>
    <Page Include="DumpStreamHandleDataView.xaml">
      <Filter>Views</Filter>
    </Page>
    <Page Include="DumpStreamHandleOperationListView.xaml">
      <Filter>Views</Filter>
    </Page>
    <Page Include="DumpStreamIptTraceView.xaml">
      <Filter>Views</Filter>
    </Page>
    <Page Include="DumpStreamMemory64ListView.xaml">
      <Filter>Views</Filter>
    </Page>
    <Page Include="DumpStreamMemoryInfoListView.xaml">
      <Filter>Views</Filter>
    </Page>
    <Page Include="DumpStreamMemoryListView.xaml">
      <Filter>Views</Filter>
    </Page>
    <Page Include="DumpStreamMiscInfoView.xaml">
      <Filter>Views</Filter>
    </Page>
    <Page Include="DumpStreamModuleListView.xaml">
      <Filter>Views</Filter>
    </Page>
    <Page Include="DumpStreamProcessVmCountersView.xaml">
      <Filter>Views</Filter>
    </Page>
    <Page Include="DumpStreamSystemInfoView.xaml">
      <Filter>Views</Filter>
    </Page>
    <Page Include="DumpStreamSystemMemoryInfoView.xaml">
      <Filter>Views</Filter>
    </Page>
    <Page Include="DumpStreamThreadContextView.xaml">
      <Filter>Views</Filter>
    </Page>
    <Page Include="DumpStreamThreadExListView.xaml">
      <Filter>Views</Filter>
    </Page>
    <Page Include="DumpStreamThreadInfoListView.xaml">
      <Filter>Views</Filter>
    </Page>
    <Page Include="DumpStreamThreadListView.xaml">
      <Filter>Views</Filter>
    </Page>
    <Page Include="DumpStreamThreadNamesView.xaml">
      <Filter>Views</Filter>
    </Page>
    <Page Include="DumpStreamTokenView.xaml">
      <Filter>Views</Filter>
    </Page>
    <Page Include="DumpStreamUnloadedModuleListView.xaml">
      <Filter>Views</Filter>
    </Page>
    <Page Include="DumpStreamUnsupportedView.xaml">
      <Filter>Views</Filter>
    </Page>
    <Page Include="DumpStreamUnusedView.xaml">
      <Filter>Views</Filter>
    </Page>
    <Page Include="DumpStreamX64ThreadContextView.xaml">
      <Filter>Views</Filter>
    </Page>
    <Page Include="DumpStreamX86ThreadContextView.xaml">
      <Filter>Views</Filter>
    </Page>
  </ItemGroup>
</Project>