<?xml version="1.0" encoding="utf-8"?>
<Project ToolsVersion="4.0" xmlns="http://schemas.microsoft.com/developer/msbuild/2003">
  <ItemGroup>
    <ApplicationDefinition Include="App.xaml" />
  </ItemGroup>
  <ItemGroup>
    <Midl Include="App.idl" />
    <Midl Include="MainPage.idl" />
    <Midl Include="Category.idl">
      <Filter>ViewModel</Filter>
    </Midl>
    <Midl Include="IDumpFile.idl">
      <Filter>ViewModel</Filter>
    </Midl>
    <Midl Include="IDumpFileFactory.idl">
      <Filter>ViewModel</Filter>
    </Midl>
    <Midl Include="IDumpFileStream.idl">
      <Filter>ViewModel</Filter>
    </Midl>
    <Midl Include="IDumpFileHeader.idl">
      <Filter>ViewModel</Filter>
    </Midl>
    <Midl Include="DumpFileType.idl">
      <Filter>ViewModel</Filter>
    </Midl>
    <Midl Include="BooleanToVisibilityConverter.idl">
      <Filter>Converters</Filter>
    </Midl>
    <Midl Include="HexConverter.idl">
      <Filter>Converters</Filter>
    </Midl>
    <Midl Include="NumberConverter.idl">
      <Filter>Converters</Filter>
    </Midl>
    <Midl Include="DateTimeConverter.idl">
      <Filter>Converters</Filter>
    </Midl>
    <Midl Include="IDumpFileStreamComment.idl">
      <Filter>ViewModel</Filter>
    </Midl>
    <Midl Include="IDumpFileStreamException.idl">
      <Filter>ViewModel</Filter>
    </Midl>
    <Midl Include="IMiniDumpException.idl">
      <Filter>ViewModel</Filter>
    </Midl>
    <Midl Include="IDumpFileStreamThreadContext.idl">
      <Filter>ViewModel</Filter>
    </Midl>
    <Midl Include="IDumpFileStreamX86ThreadContext.idl">
      <Filter>ViewModel</Filter>
    </Midl>
    <Midl Include="IDumpFileStreamX64ThreadContext.idl">
      <Filter>ViewModel</Filter>
    </Midl>
    <Midl Include="IWow64FloatingSaveArea.idl">
      <Filter>ViewModel</Filter>
    </Midl>
    <Midl Include="IndexConverter.idl">
      <Filter>Converters</Filter>
    </Midl>
  </ItemGroup>
  <ItemGroup>
    <ClCompile Include="pch.cpp" />
    <ClCompile Include="App.cpp" />
    <ClCompile Include="MainPage.cpp" />
    <ClCompile Include="$(GeneratedFilesDir)module.g.cpp" />
    <ClCompile Include="WindowHelper.cpp">
      <Filter>Helpers</Filter>
    </ClCompile>
  </ItemGroup>
  <ItemGroup>
    <ClInclude Include="pch.h" />
    <ClInclude Include="App.base.h" />
    <ClInclude Include="WindowHelper.h">
      <Filter>Helpers</Filter>
    </ClInclude>
  </ItemGroup>
  <ItemGroup>
    <Image Include="Assets\Wide310x150Logo.scale-200.png">
      <Filter>Assets</Filter>
    </Image>
    <Image Include="Assets\StoreLogo.png">
      <Filter>Assets</Filter>
    </Image>
    <Image Include="Assets\Square150x150Logo.scale-200.png">
      <Filter>Assets</Filter>
    </Image>
    <Image Include="Assets\Square44x44Logo.targetsize-24_altform-unplated.png">
      <Filter>Assets</Filter>
    </Image>
    <Image Include="Assets\Square44x44Logo.scale-200.png">
      <Filter>Assets</Filter>
    </Image>
    <Image Include="Assets\SplashScreen.scale-200.png">
      <Filter>Assets</Filter>
    </Image>
    <Image Include="Assets\LockScreenLogo.scale-200.png">
      <Filter>Assets</Filter>
    </Image>
  </ItemGroup>
  <ItemGroup>
    <AppxManifest Include="Package.appxmanifest" />
  </ItemGroup>
  <ItemGroup>
    <Filter Include="Assets">
      <UniqueIdentifier>{e48dc53e-40b1-40cb-970a-f89935452892}</UniqueIdentifier>
    </Filter>
    <Filter Include="Views">
      <UniqueIdentifier>{87580ee4-f95c-4c72-abba-c783c41a4c23}</UniqueIdentifier>
    </Filter>
    <Filter Include="ViewModel">
      <UniqueIdentifier>{7aba2f25-595b-42c7-9126-b683dd772d83}</UniqueIdentifier>
    </Filter>
    <Filter Include="Helpers">
      <UniqueIdentifier>{2e756462-00cb-4a31-ab43-2f875afe4de2}</UniqueIdentifier>
    </Filter>
    <Filter Include="Converters">
      <UniqueIdentifier>{97d41d1a-9096-4267-a4fb-7356a8186f9e}</UniqueIdentifier>
    </Filter>
  </ItemGroup>
  <ItemGroup>
    <None Include="PropertySheet.props" />
    <None Include="packages.config" />
    <None Include="dummy.exe" />
  </ItemGroup>
  <ItemGroup>
    <Page Include="MainPage.xaml">
      <Filter>Views</Filter>
    </Page>
    <Page Include="DumpFileView.xaml">
      <Filter>Views</Filter>
    </Page>
    <Page Include="DumpHeader.xaml">
      <Filter>Views</Filter>
    </Page>
    <Page Include="DumpStreamUnused.xaml">
      <Filter>Views</Filter>
    </Page>
    <Page Include="DumpStreamUnsupported.xaml">
      <Filter>Views</Filter>
    </Page>
    <Page Include="DumpStreamThreadList.xaml">
      <Filter>Views</Filter>
    </Page>
    <Page Include="DumpStreamModuleList.xaml">
      <Filter>Views</Filter>
    </Page>
    <Page Include="DumpStreamMemoryList.xaml">
      <Filter>Views</Filter>
    </Page>
    <Page Include="DumpStreamException.xaml">
      <Filter>Views</Filter>
    </Page>
    <Page Include="DumpStreamSystemInfo.xaml">
      <Filter>Views</Filter>
    </Page>
    <Page Include="DumpStreamThreadExList.xaml">
      <Filter>Views</Filter>
    </Page>
    <Page Include="DumpStreamMemory64List.xaml">
      <Filter>Views</Filter>
    </Page>
    <Page Include="DumpStreamComment.xaml">
      <Filter>Views</Filter>
    </Page>
    <Page Include="DumpStreamHandleData.xaml">
      <Filter>Views</Filter>
    </Page>
    <Page Include="DumpStreamFunctionTable.xaml">
      <Filter>Views</Filter>
    </Page>
    <Page Include="DumpStreamUnloadedModuleList.xaml">
      <Filter>Views</Filter>
    </Page>
    <Page Include="DumpStreamMiscInfo.xaml">
      <Filter>Views</Filter>
    </Page>
    <Page Include="DumpStreamMemoryInfoList.xaml">
      <Filter>Views</Filter>
    </Page>
    <Page Include="DumpStreamThreadInfoList.xaml">
      <Filter>Views</Filter>
    </Page>
    <Page Include="DumpStreamHandleOperationList.xaml">
      <Filter>Views</Filter>
    </Page>
    <Page Include="DumpStreamToken.xaml">
      <Filter>Views</Filter>
    </Page>
    <Page Include="DumpStreamSystemMemoryInfo.xaml">
      <Filter>Views</Filter>
    </Page>
    <Page Include="DumpStreamProcessVmCounters.xaml">
      <Filter>Views</Filter>
    </Page>
    <Page Include="DumpStreamIptTrace.xaml">
      <Filter>Views</Filter>
    </Page>
    <Page Include="DumpStreamThreadNames.xaml">
      <Filter>Views</Filter>
    </Page>
    <Page Include="DumpStreamThreadContext.xaml">
      <Filter>Views</Filter>
    </Page>
    <Page Include="DumpStreamX64ThreadContext.xaml">
      <Filter>Views</Filter>
    </Page>
    <Page Include="DumpStreamX86ThreadContext.xaml">
      <Filter>Views</Filter>
    </Page>
  </ItemGroup>
</Project>