<?xml version="1.0" encoding="utf-8"?>
<Project ToolsVersion="4.0" xmlns="http://schemas.microsoft.com/developer/msbuild/2003">
  <ItemGroup>
    <ApplicationDefinition Include="App.xaml" />
  </ItemGroup>
  <ItemGroup>
    <Page Include="ViewModels\MiniDumpPage.xaml">
      <Filter>ViewModels</Filter>
    </Page>
    <Page Include="ViewModels\MainWindow.xaml">
      <Filter>ViewModels</Filter>
    </Page>
    <Page Include="ViewModels\HeaderPage.xaml">
      <Filter>ViewModels</Filter>
    </Page>
    <Page Include="ViewModels\StreamsPage.xaml">
      <Filter>ViewModels</Filter>
    </Page>
    <Page Include="ViewModels\SettingsPage.xaml">
      <Filter>ViewModels</Filter>
    </Page>
    <Page Include="Controls\SettingsCard\SettingsCardTheme.xaml">
      <Filter>Controls\SettingsCard</Filter>
    </Page>
    <Page Include="Themes\Generic.xaml" />
    <Page Include="Controls\SettingsExpander\SettingsExpanderTheme.xaml">
      <Filter>Controls\SettingsExpander</Filter>
    </Page>
    <Page Include="ViewModels\DefaultPage.xaml">
      <Filter>ViewModels</Filter>
    </Page>
    <Page Include="ViewModels\RecentPage.xaml">
      <Filter>ViewModels</Filter>
    </Page>
    <Page Include="Controls\DataGrid\DataGridTheme.xaml">
      <Filter>Controls\DataGrid</Filter>
    </Page>
    <Page Include="ViewModels\UnsupportedStreamPage.xaml">
      <Filter>ViewModels</Filter>
    </Page>
    <Page Include="ViewModels\ThreadListStreamPage.xaml">
      <Filter>ViewModels</Filter>
    </Page>
    <Page Include="ViewModels\ModuleListStreamPage.xaml">
      <Filter>ViewModels</Filter>
    </Page>
    <Page Include="ViewModels\MemoryListStreamPage.xaml">
      <Filter>ViewModels</Filter>
    </Page>
    <Page Include="ViewModels\Memory64ListStreamPage.xaml">
      <Filter>ViewModels</Filter>
    </Page>
    <Page Include="ViewModels\ExceptionStreamPage.xaml">
      <Filter>ViewModels</Filter>
    </Page>
    <Page Include="ViewModels\SystemInfoStreamPage.xaml">
      <Filter>ViewModels</Filter>
    </Page>
    <Page Include="ViewModels\MiscInfoStreamPage.xaml">
      <Filter>ViewModels</Filter>
    </Page>
    <Page Include="ViewModels\CommentStreamPage.xaml">
      <Filter>ViewModels</Filter>
    </Page>
    <Page Include="ViewModels\ThreadExListStreamPage.xaml">
      <Filter>ViewModels</Filter>
    </Page>
  </ItemGroup>
  <ItemGroup>
    <Midl Include="App.idl" />
    <Midl Include="ViewModels\MainWindow.idl" />
    <Midl Include="Controls\DataGrid\DataGridSortDirection.idl">
      <Filter>Controls\DataGrid</Filter>
    </Midl>
    <Midl Include="Controls\DataGrid\DataGridEditAction.idl">
      <Filter>Controls\DataGrid</Filter>
    </Midl>
    <Midl Include="Controls\DataGrid\DataGridClipboardCopyMode.idl">
      <Filter>Controls\DataGrid</Filter>
    </Midl>
    <Midl Include="Controls\DataGrid\DataGridEditingUnit.idl">
      <Filter>Controls\DataGrid</Filter>
    </Midl>
    <Midl Include="Controls\DataGrid\DataGridGridLinesVisibility.idl">
      <Filter>Controls\DataGrid</Filter>
    </Midl>
    <Midl Include="Controls\DataGrid\DataGridHeadersVisibility.idl">
      <Filter>Controls\DataGrid</Filter>
    </Midl>
    <Midl Include="Controls\DataGrid\DataGridRowDetailsVisibilityMode.idl">
      <Filter>Controls\DataGrid</Filter>
    </Midl>
    <Midl Include="Controls\DataGrid\DataGridSelectionMode.idl">
      <Filter>Controls\DataGrid</Filter>
    </Midl>
    <Midl Include="Controls\DataGrid\DataGridDataSource.idl">
      <Filter>Controls\DataGrid</Filter>
    </Midl>
    <Midl Include="Controls\EditableObject.idl">
      <Filter>Controls</Filter>
    </Midl>
    <Midl Include="Controls\DataGrid\DataGridDataSourceFactory.idl">
      <Filter>Controls\DataGrid</Filter>
    </Midl>
    <Midl Include="Controls\DefaultMember.idl">
      <Filter>Controls</Filter>
    </Midl>
    <Midl Include="Controls\DataGrid\DataGridDataSourcePropertyInfo.idl">
      <Filter>Controls\DataGrid</Filter>
    </Midl>
    <Midl Include="Controls\DataGrid\DataGridColumnHeadersPresenterAutomationPeer.idl">
      <Filter>Controls\DataGrid</Filter>
    </Midl>
  </ItemGroup>
  <ItemGroup>
    <ClCompile Include="pch.cpp" />
    <ClCompile Include="$(GeneratedFilesDir)module.g.cpp" />
    <ClCompile Include="Triggers\ControlSizeTrigger.cpp">
      <Filter>Triggers</Filter>
    </ClCompile>
    <ClCompile Include="Helpers\ControlHelpers.cpp">
      <Filter>Helpers</Filter>
    </ClCompile>
    <ClCompile Include="Controls\SettingsCard\SettingsCard.cpp">
      <Filter>Controls\SettingsCard</Filter>
    </ClCompile>
    <ClCompile Include="Controls\SettingsCard\SettingsCardAutomationPeer.cpp">
      <Filter>Controls\SettingsCard</Filter>
    </ClCompile>
    <ClCompile Include="Controls\SettingsExpander\SettingsExpander.cpp">
      <Filter>Controls\SettingsExpander</Filter>
    </ClCompile>
    <ClCompile Include="Controls\SettingsExpander\SettingsExpanderAutomationPeer.cpp">
      <Filter>Controls\SettingsExpander</Filter>
    </ClCompile>
    <ClCompile Include="Controls\SettingsExpander\SettingsExpanderItemStyleSelector.cpp">
      <Filter>Controls\SettingsExpander</Filter>
    </ClCompile>
    <ClCompile Include="Triggers\IsNullOrEmptyStateTrigger.cpp">
      <Filter>Triggers</Filter>
    </ClCompile>
    <ClCompile Include="Triggers\IsEqualStateTrigger.cpp">
      <Filter>Triggers</Filter>
    </ClCompile>
    <ClCompile Include="StyleExtension\StyleExtensionResourceDictionary.cpp">
      <Filter>StyleExtension</Filter>
    </ClCompile>
    <ClCompile Include="StyleExtension\StyleExtensions.cpp">
      <Filter>StyleExtension</Filter>
    </ClCompile>
    <ClCompile Include="Helpers\WindowHelper.cpp">
      <Filter>Helpers</Filter>
    </ClCompile>
    <ClCompile Include="Helpers\ThemeHelper.cpp">
      <Filter>Helpers</Filter>
    </ClCompile>
    <ClCompile Include="Helpers\AppPropertiesHelper.cpp">
      <Filter>Helpers</Filter>
    </ClCompile>
    <ClCompile Include="Helpers\UIHelper.cpp">
      <Filter>Helpers</Filter>
    </ClCompile>
    <ClCompile Include="Converters\HexNumberConverter.cpp">
      <Filter>Converters</Filter>
    </ClCompile>
    <ClCompile Include="Helpers\GlobalOptions.cpp">
      <Filter>Helpers</Filter>
    </ClCompile>
    <ClCompile Include="Utility\logger.cpp">
      <Filter>Utility</Filter>
    </ClCompile>
    <ClCompile Include="Models\RecentFileItem.cpp">
      <Filter>Models</Filter>
    </ClCompile>
    <ClCompile Include="Controls\DataGrid\DataGrid.cpp">
      <Filter>Controls\DataGrid</Filter>
    </ClCompile>
    <ClCompile Include="Controls\DataGrid\DataGridColumn.cpp">
      <Filter>Controls\DataGrid</Filter>
    </ClCompile>
    <ClCompile Include="Controls\DataGrid\DataGridColumnHeader.cpp">
      <Filter>Controls\DataGrid</Filter>
    </ClCompile>
    <ClCompile Include="Controls\DataGrid\DataGridLength.cpp">
      <Filter>Controls\DataGrid</Filter>
    </ClCompile>
    <ClCompile Include="Utility\SuspendedHandlers.cpp">
      <Filter>Utility</Filter>
    </ClCompile>
    <ClCompile Include="Utility\BindingInfo.cpp">
      <Filter>Utility</Filter>
    </ClCompile>
    <ClCompile Include="Controls\DataGrid\DataGridAutoGeneratingColumnEventArgs.cpp">
      <Filter>Controls\DataGrid</Filter>
    </ClCompile>
    <ClCompile Include="Controls\DataGrid\DataGridBeginningEditEventArgs.cpp">
      <Filter>Controls\DataGrid</Filter>
    </ClCompile>
    <ClCompile Include="Controls\DataGrid\DataGridCellEditEndedEventArgs.cpp">
      <Filter>Controls\DataGrid</Filter>
    </ClCompile>
    <ClCompile Include="Controls\DataGrid\DataGridCellEditEndingEventArgs.cpp">
      <Filter>Controls\DataGrid</Filter>
    </ClCompile>
    <ClCompile Include="Controls\DataGrid\DataGridColumnEventArgs.cpp">
      <Filter>Controls\DataGrid</Filter>
    </ClCompile>
    <ClCompile Include="Controls\DataGrid\DataGridColumnReorderingEventArgs.cpp">
      <Filter>Controls\DataGrid</Filter>
    </ClCompile>
    <ClCompile Include="Controls\DataGrid\DataGridRow.cpp">
      <Filter>Controls\DataGrid</Filter>
    </ClCompile>
    <ClCompile Include="Controls\DataGrid\DataGridRowClipboardEventArgs.cpp">
      <Filter>Controls\DataGrid</Filter>
    </ClCompile>
    <ClCompile Include="Controls\DataGrid\DataGridClipboardCellContent.cpp">
      <Filter>Controls\DataGrid</Filter>
    </ClCompile>
    <ClCompile Include="Controls\DataGrid\DataGridDataConnection.cpp">
      <Filter>Controls\DataGrid</Filter>
    </ClCompile>
    <ClCompile Include="Controls\DataGrid\DataGridColumnHeadersPresenter.cpp">
      <Filter>Controls\DataGrid</Filter>
    </ClCompile>
    <ClCompile Include="Controls\DataGrid\DataGridPreparingCellForEditEventArgs.cpp">
      <Filter>Controls\DataGrid</Filter>
    </ClCompile>
    <ClCompile Include="Controls\DataGrid\DataGridRowDetailsEventArgs.cpp">
      <Filter>Controls\DataGrid</Filter>
    </ClCompile>
    <ClCompile Include="Controls\DataGrid\DataGridRowEditEndedEventArgs.cpp">
      <Filter>Controls\DataGrid</Filter>
    </ClCompile>
    <ClCompile Include="Controls\DataGrid\DataGridRowEditEndingEventArgs.cpp">
      <Filter>Controls\DataGrid</Filter>
    </ClCompile>
    <ClCompile Include="Controls\DataGrid\DataGridRowEventArgs.cpp">
      <Filter>Controls\DataGrid</Filter>
    </ClCompile>
    <ClCompile Include="Controls\DataGrid\DataGridRowGroupHeader.cpp">
      <Filter>Controls\DataGrid</Filter>
    </ClCompile>
    <ClCompile Include="Controls\DataGrid\DataGridRowGroupHeaderEventArgs.cpp">
      <Filter>Controls\DataGrid</Filter>
    </ClCompile>
    <ClCompile Include="Controls\DataGrid\DataGridSelectedItemsCollection.cpp">
      <Filter>Controls\DataGrid</Filter>
    </ClCompile>
    <ClCompile Include="Utility\ValidationResult.cpp">
      <Filter>Utility</Filter>
    </ClCompile>
    <ClCompile Include="Controls\DataGrid\DataGridRowsPresenter.cpp">
      <Filter>Controls\DataGrid</Filter>
    </ClCompile>
    <ClCompile Include="Controls\DataGrid\DataGridRowGroupInfo.cpp">
      <Filter>Controls\DataGrid</Filter>
    </ClCompile>
    <ClCompile Include="Controls\DataGrid\DataGridColumnCollection.cpp">
      <Filter>Controls\DataGrid</Filter>
    </ClCompile>
    <ClCompile Include="Controls\DataGrid\DataGridFillerColumn.cpp">
      <Filter>Controls\DataGrid</Filter>
    </ClCompile>
    <ClCompile Include="Controls\DataGrid\DataGridCell.cpp">
      <Filter>Controls\DataGrid</Filter>
    </ClCompile>
    <ClCompile Include="Controls\DataGrid\DataGridCellCollection.cpp">
      <Filter>Controls\DataGrid</Filter>
    </ClCompile>
    <ClCompile Include="Controls\DataGrid\DataGridCellEventArgs.cpp">
      <Filter>Controls\DataGrid</Filter>
    </ClCompile>
    <ClCompile Include="Utility\ValidationUtil.cpp">
      <Filter>Utility</Filter>
    </ClCompile>
    <ClCompile Include="Controls\DataGrid\DataGridCellAutomationPeer.cpp">
      <Filter>Controls\DataGrid</Filter>
    </ClCompile>
    <ClCompile Include="Controls\DataGrid\DataGridRowHeader.cpp">
      <Filter>Controls\DataGrid</Filter>
    </ClCompile>
    <ClCompile Include="Controls\DataGrid\DataGridBoundColumn.cpp">
      <Filter>Controls\DataGrid</Filter>
    </ClCompile>
    <ClCompile Include="Controls\DataGrid\DataGridCheckBoxColumn.cpp">
      <Filter>Controls\DataGrid</Filter>
    </ClCompile>
    <ClCompile Include="Controls\DataGrid\DataGridTextColumn.cpp">
      <Filter>Controls\DataGrid</Filter>
    </ClCompile>
    <ClCompile Include="Controls\DataGrid\DataGridComboBoxColumn.cpp">
      <Filter>Controls\DataGrid</Filter>
    </ClCompile>
    <ClCompile Include="Controls\DataGrid\DataGridFrozenGrid.cpp">
      <Filter>Controls\DataGrid</Filter>
    </ClCompile>
    <ClCompile Include="Controls\DataGrid\DataGridCellsPresenter.cpp">
      <Filter>Controls\DataGrid</Filter>
    </ClCompile>
    <ClCompile Include="Controls\DataGrid\DataGridDetailsPresenter.cpp">
      <Filter>Controls\DataGrid</Filter>
    </ClCompile>
    <ClCompile Include="Controls\DataGrid\DataGridDisplayData.cpp">
      <Filter>Controls\DataGrid</Filter>
    </ClCompile>
    <ClCompile Include="Helpers\TypeHelper.cpp">
      <Filter>Helpers</Filter>
    </ClCompile>
    <ClCompile Include="Controls\DataGrid\DataGridValueConverter.cpp">
      <Filter>Controls\DataGrid</Filter>
    </ClCompile>
    <ClCompile Include="Controls\DataGrid\DataGridRowAutomationPeer.cpp">
      <Filter>Controls\DataGrid</Filter>
    </ClCompile>
    <ClCompile Include="Controls\DataGrid\DataGridRowHeaderAutomationPeer.cpp">
      <Filter>Controls\DataGrid</Filter>
    </ClCompile>
    <ClCompile Include="Controls\DataGrid\DataGridColumnHeaderAutomationPeer.cpp">
      <Filter>Controls\DataGrid</Filter>
    </ClCompile>
    <ClCompile Include="Helpers\VisualStates.cpp">
      <Filter>Helpers</Filter>
    </ClCompile>
    <ClCompile Include="Controls\DataGrid\DataGridAutomationPeer.cpp">
      <Filter>Controls\DataGrid</Filter>
    </ClCompile>
    <ClCompile Include="Controls\DataGrid\DataGridGroupItemAutomationPeer.cpp">
      <Filter>Controls\DataGrid</Filter>
    </ClCompile>
    <ClCompile Include="Controls\DataGrid\DataGridItemAutomationPeer.cpp">
      <Filter>Controls\DataGrid</Filter>
    </ClCompile>
    <ClCompile Include="Controls\DataGrid\DataGridRowGroupHeaderAutomationPeer.cpp">
      <Filter>Controls\DataGrid</Filter>
    </ClCompile>
    <ClCompile Include="Controls\DataGrid\DataGridRowsPresenterAutomationPeer.cpp">
      <Filter>Controls\DataGrid</Filter>
    </ClCompile>
    <ClCompile Include="Controls\DataGrid\DataGridTemplateColumn.cpp">
      <Filter>Controls\DataGrid</Filter>
    </ClCompile>
    <ClCompile Include="Utility\KeyboardHelper.cpp">
      <Filter>Utility</Filter>
    </ClCompile>
    <ClCompile Include="Helpers\UISettingsHelper.cpp">
      <Filter>Helpers</Filter>
    </ClCompile>
    <ClCompile Include="Controls\DataGrid\DataGridRows.cpp">
      <Filter>Controls\DataGrid</Filter>
    </ClCompile>
    <ClCompile Include="Controls\DataGrid\DataGridColumns.cpp">
      <Filter>Controls\DataGrid</Filter>
    </ClCompile>
    <ClCompile Include="Controls\DataGrid\DataGridColumnHeadersPresenterAutomationPeer.cpp">
      <Filter>Controls\DataGrid</Filter>
    </ClCompile>
    <ClCompile Include="Models\RecentFileItemsDataSource.cpp">
      <Filter>Models</Filter>
    </ClCompile>
    <ClCompile Include="Converters\SizeNumberConverter.cpp">
      <Filter>Converters</Filter>
    </ClCompile>
    <ClCompile Include="Converters\BoolToObjectConverter.cpp">
      <Filter>Converters</Filter>
    </ClCompile>
    <ClCompile Include="Converters\BoolToVisibilityConverter.cpp">
      <Filter>Converters</Filter>
    </ClCompile>
    <ClCompile Include="Converters\LocalNumberConverter.cpp">
      <Filter>Converters</Filter>
    </ClCompile>
    <ClCompile Include="Converters\TimeStampNumberConverter.cpp">
      <Filter>Converters</Filter>
    </ClCompile>
    <ClCompile Include="Utility\ConverterTools.cpp">
      <Filter>Utility</Filter>
    </ClCompile>
    <ClCompile Include="Models\GlobalOptionItems.cpp">
      <Filter>Models</Filter>
    </ClCompile>
    <ClCompile Include="Converters\BoolNegationConverter.cpp">
      <Filter>Converters</Filter>
    </ClCompile>
    <ClCompile Include="Models\DirectoryStreamEntry.cpp">
      <Filter>Models</Filter>
    </ClCompile>
    <ClCompile Include="Models\MiniDumpLocationDescriptor.cpp">
      <Filter>Models</Filter>
    </ClCompile>
    <ClCompile Include="Models\DirectoryStreamEntriesDataSource.cpp">
      <Filter>Models</Filter>
    </ClCompile>
    <ClCompile Include="Utility\DataGridColumnSorter.cpp">
      <Filter>Utility</Filter>
    </ClCompile>
    <ClCompile Include="Models\MiniDumpPageParameters.cpp">
      <Filter>Models</Filter>
    </ClCompile>
    <ClCompile Include="Utility\GetResourceValue.cpp">
      <Filter>Utility</Filter>
    </ClCompile>
    <ClCompile Include="DlgHelpUtilsResource\exception_utils_resources.cpp">
      <Filter>DlgHelpUtilsResource</Filter>
    </ClCompile>
    <ClCompile Include="DlgHelpUtilsResource\flags_string_utils_resources.cpp">
      <Filter>DlgHelpUtilsResource</Filter>
    </ClCompile>
    <ClCompile Include="DlgHelpUtilsResource\gflags_utils_resources.cpp">
      <Filter>DlgHelpUtilsResource</Filter>
    </ClCompile>
    <ClCompile Include="DlgHelpUtilsResource\lfh_subsegment_location_utils_resources.cpp">
      <Filter>DlgHelpUtilsResource</Filter>
    </ClCompile>
    <ClCompile Include="DlgHelpUtilsResource\memory_info_utils_resources.cpp">
      <Filter>DlgHelpUtilsResource</Filter>
    </ClCompile>
    <ClCompile Include="DlgHelpUtilsResource\mini_dump_stream_type_resources.cpp">
      <Filter>DlgHelpUtilsResource</Filter>
    </ClCompile>
    <ClCompile Include="DlgHelpUtilsResource\register_names_resources.cpp">
      <Filter>DlgHelpUtilsResource</Filter>
    </ClCompile>
    <ClCompile Include="DlgHelpUtilsResource\size_units_resources.cpp">
      <Filter>DlgHelpUtilsResource</Filter>
    </ClCompile>
    <ClCompile Include="DlgHelpUtilsResource\stream_hex_dump_resources.cpp">
      <Filter>DlgHelpUtilsResource</Filter>
    </ClCompile>
    <ClCompile Include="DlgHelpUtilsResource\thread_info_utils_resources.cpp">
      <Filter>DlgHelpUtilsResource</Filter>
    </ClCompile>
    <ClCompile Include="DlgHelpUtilsResource\time_units_resources.cpp">
      <Filter>DlgHelpUtilsResource</Filter>
    </ClCompile>
    <ClCompile Include="DlgHelpUtilsResource\stream_stack_dump_resources.cpp">
      <Filter>DlgHelpUtilsResource</Filter>
    </ClCompile>
    <ClCompile Include="DlgHelpUtilsResource\symbol_type_utils_resources.cpp">
      <Filter>DlgHelpUtilsResource</Filter>
    </ClCompile>
    <ClCompile Include="DlgHelpUtilsResource\system_info_utils_resources.cpp">
      <Filter>DlgHelpUtilsResource</Filter>
    </ClCompile>
    <ClCompile Include="Models\ThreadListStreamEntriesDataSource.cpp">
      <Filter>Models</Filter>
    </ClCompile>
    <ClCompile Include="Models\ThreadListStreamEntry.cpp">
      <Filter>Models</Filter>
    </ClCompile>
    <ClCompile Include="Models\ModuleListStreamEntriesDataSource.cpp">
      <Filter>Models</Filter>
    </ClCompile>
    <ClCompile Include="Models\ModuleListStreamEntry.cpp">
      <Filter>Models</Filter>
    </ClCompile>
    <ClCompile Include="Models\VsFixedFileInfo.cpp">
      <Filter>Models</Filter>
    </ClCompile>
    <ClCompile Include="Models\CvInfoPdb70.cpp">
      <Filter>Models</Filter>
    </ClCompile>
    <ClCompile Include="Models\MemoryListStreamEntriesDataSource.cpp">
      <Filter>Models</Filter>
    </ClCompile>
    <ClCompile Include="Models\MemoryListStreamEntry.cpp">
      <Filter>Models</Filter>
    </ClCompile>
    <ClCompile Include="Models\Memory64ListStreamEntriesDataSource.cpp">
      <Filter>Models</Filter>
    </ClCompile>
    <ClCompile Include="Models\Memory64ListStreamEntry.cpp">
      <Filter>Models</Filter>
    </ClCompile>
    <ClCompile Include="Models\MiniDumpLocationDescriptor64.cpp">
      <Filter>Models</Filter>
    </ClCompile>
    <ClCompile Include="Models\MiniDumpException.cpp">
      <Filter>Models</Filter>
    </ClCompile>
    <ClCompile Include="Models\MiniDumpExceptionParameter.cpp">
      <Filter>Models</Filter>
    </ClCompile>
    <ClCompile Include="Models\ExceptionParametersDataSource.cpp">
      <Filter>Models</Filter>
    </ClCompile>
    <ClCompile Include="Models\TimeZoneInformation.cpp">
      <Filter>Models</Filter>
    </ClCompile>
    <ClCompile Include="Models\XStateDataEnabledFeature.cpp">
      <Filter>Models</Filter>
    </ClCompile>
    <ClCompile Include="Models\XStateDataEnabledFeaturesDataSource.cpp">
      <Filter>Models</Filter>
    </ClCompile>
    <ClCompile Include="Converters\DurationConverter.cpp">
      <Filter>Converters</Filter>
    </ClCompile>
    <ClCompile Include="DlgHelpUtilsResource\time_utils_resources.cpp">
      <Filter>DlgHelpUtilsResource</Filter>
    </ClCompile>
    <ClCompile Include="Models\DumpFileTimeStamp.cpp">
      <Filter>Models</Filter>
    </ClCompile>
    <ClCompile Include="Models\ThreadExListStreamEntriesDataSource.cpp">
      <Filter>Models</Filter>
    </ClCompile>
    <ClCompile Include="Models\ThreadExListStreamEntry.cpp">
      <Filter>Models</Filter>
    </ClCompile>
  </ItemGroup>
  <ItemGroup>
    <ClInclude Include="pch.h" />
    <ClInclude Include="Utility\RelayCommand.h">
      <Filter>Utility</Filter>
    </ClInclude>
    <ClInclude Include="Helpers\ControlHelpers.h">
      <Filter>Helpers</Filter>
    </ClInclude>
    <ClInclude Include="Helpers\WindowHelper.h">
      <Filter>Helpers</Filter>
    </ClInclude>
    <ClInclude Include="Utility\InspectableUtility.h">
      <Filter>Utility</Filter>
    </ClInclude>
    <ClInclude Include="Helpers\ThemeHelper.h">
      <Filter>Helpers</Filter>
    </ClInclude>
    <ClInclude Include="Helpers\AppPropertiesHelper.h">
      <Filter>Helpers</Filter>
    </ClInclude>
    <ClInclude Include="Helpers\UIHelper.h">
      <Filter>Helpers</Filter>
    </ClInclude>
    <ClInclude Include="Helpers\GlobalOptions.h">
      <Filter>Helpers</Filter>
    </ClInclude>
    <ClInclude Include="Utility\logger.h">
      <Filter>Utility</Filter>
    </ClInclude>
    <ClInclude Include="Utility\log_level.h">
      <Filter>Utility</Filter>
    </ClInclude>
    <ClInclude Include="Utility\SuspendedHandlers.h">
      <Filter>Utility</Filter>
    </ClInclude>
    <ClInclude Include="Controls\DataGrid\DataGridError.h">
      <Filter>Controls\DataGrid</Filter>
    </ClInclude>
    <ClInclude Include="Utility\BindingInfo.h">
      <Filter>Utility</Filter>
    </ClInclude>
    <ClInclude Include="Controls\DataGrid\DataGridDataConnection.h">
      <Filter>Controls\DataGrid</Filter>
    </ClInclude>
    <ClInclude Include="Controls\DataGrid\DataGridSelectionAction.h">
      <Filter>Controls\DataGrid</Filter>
    </ClInclude>
    <ClInclude Include="Controls\DataGrid\DataGridCellCoordinates.h">
      <Filter>Controls\DataGrid</Filter>
    </ClInclude>
    <ClInclude Include="Controls\DataGrid\DataGridSelectedItemsCollection.h">
      <Filter>Controls\DataGrid</Filter>
    </ClInclude>
    <ClInclude Include="Utility\IndexToValueTable.h">
      <Filter>Utility</Filter>
    </ClInclude>
    <ClInclude Include="Utility\WeakEventListener.h">
      <Filter>Utility</Filter>
    </ClInclude>
    <ClInclude Include="Utility\ValidationResult.h">
      <Filter>Utility</Filter>
    </ClInclude>
    <ClInclude Include="Utility\Range.h">
      <Filter>Utility</Filter>
    </ClInclude>
    <ClInclude Include="Controls\DataGrid\DataGridRowGroupInfo.h">
      <Filter>Controls\DataGrid</Filter>
    </ClInclude>
    <ClInclude Include="Utility\erase_value.h">
      <Filter>Utility</Filter>
    </ClInclude>
    <ClInclude Include="Controls\DataGrid\DataGridColumnCollection.h">
      <Filter>Controls\DataGrid</Filter>
    </ClInclude>
    <ClInclude Include="Controls\DataGrid\DataGridCellCollection.h">
      <Filter>Controls\DataGrid</Filter>
    </ClInclude>
    <ClInclude Include="Utility\OptionalUtility.h">
      <Filter>Utility</Filter>
    </ClInclude>
    <ClInclude Include="Utility\ValidationUtil.h">
      <Filter>Utility</Filter>
    </ClInclude>
    <ClInclude Include="Controls\DataGrid\DataGridInteractionInfo.h">
      <Filter>Controls\DataGrid</Filter>
    </ClInclude>
    <ClInclude Include="Utility\RectContains.h">
      <Filter>Utility</Filter>
    </ClInclude>
    <ClInclude Include="Controls\DataGrid\DataGridDisplayData.h">
      <Filter>Controls\DataGrid</Filter>
    </ClInclude>
    <ClInclude Include="Helpers\TypeHelper.h">
      <Filter>Helpers</Filter>
    </ClInclude>
    <ClInclude Include="Helpers\WinrtDepenencyPropertiesReflectionMap.h">
      <Filter>Helpers</Filter>
    </ClInclude>
    <ClInclude Include="Helpers\WinrtDepenencyPropertiesReflectionMapHeaders.h">
      <Filter>Helpers</Filter>
    </ClInclude>
    <ClInclude Include="Controls\DataGrid\DataGridCellInternal.h">
      <Filter>Controls\DataGrid</Filter>
    </ClInclude>
    <ClInclude Include="Controls\DataGrid\DataGridColumnInternal.h">
      <Filter>Controls\DataGrid</Filter>
    </ClInclude>
    <ClInclude Include="Helpers\VisualStates.h">
      <Filter>Helpers</Filter>
    </ClInclude>
    <ClInclude Include="Controls\DataGrid\DataGridColumnHeaderInteractionInfo.h">
      <Filter>Controls\DataGrid</Filter>
    </ClInclude>
    <ClInclude Include="Utility\KeyboardHelper.h">
      <Filter>Utility</Filter>
    </ClInclude>
    <ClInclude Include="Helpers\UISettingsHelper.h">
      <Filter>Helpers</Filter>
    </ClInclude>
    <ClInclude Include="Utility\StringHelper.h">
      <Filter>Utility</Filter>
    </ClInclude>
    <ClInclude Include="Controls\DataGrid\DataGridColumnHeadersPresenterAutomationPeer.h">
      <Filter>Controls\DataGrid</Filter>
    </ClInclude>
    <ClInclude Include="Utility\ConverterTools.h">
      <Filter>Utility</Filter>
    </ClInclude>
    <ClInclude Include="Models\NotifyPropertyChangedBase.h">
      <Filter>Models</Filter>
    </ClInclude>
    <ClInclude Include="Models\GlobalOptionsNotifyPropertyChangedBase.h">
      <Filter>Models</Filter>
    </ClInclude>
    <ClInclude Include="Models\MiniDumpPageBase.h">
      <Filter>Models</Filter>
    </ClInclude>
    <ClInclude Include="Utility\SortObservableVector.h">
      <Filter>Utility</Filter>
    </ClInclude>
    <ClInclude Include="Utility\WinrtEmptyValue.h">
      <Filter>Utility</Filter>
    </ClInclude>
    <ClInclude Include="Utility\DataGridColumnSorter.h">
      <Filter>Utility</Filter>
    </ClInclude>
    <ClInclude Include="Utility\GetResourceValue.h">
      <Filter>Utility</Filter>
    </ClInclude>
  </ItemGroup>
  <ItemGroup>
    <Image Include="Assets\Wide310x150Logo.scale-200.png">
      <Filter>Assets</Filter>
    </Image>
    <Image Include="Assets\Square150x150Logo.scale-200.png">
      <Filter>Assets</Filter>
    </Image>
    <Image Include="Assets\Square44x44Logo.targetsize-24_altform-unplated.png">
      <Filter>Assets</Filter>
    </Image>
    <Image Include="Assets\Square44x44Logo.scale-200.png">
      <Filter>Assets</Filter>
    </Image>
    <Image Include="Assets\SplashScreen.scale-200.png">
      <Filter>Assets</Filter>
    </Image>
    <Image Include="MiniDumper.ico">
      <Filter>Resource Files</Filter>
    </Image>
    <Image Include="Assets\LargeTile.scale-100.png">
      <Filter>Assets</Filter>
    </Image>
    <Image Include="Assets\LargeTile.scale-125.png">
      <Filter>Assets</Filter>
    </Image>
    <Image Include="Assets\LargeTile.scale-150.png">
      <Filter>Assets</Filter>
    </Image>
    <Image Include="Assets\LargeTile.scale-200.png">
      <Filter>Assets</Filter>
    </Image>
    <Image Include="Assets\LargeTile.scale-400.png">
      <Filter>Assets</Filter>
    </Image>
    <Image Include="Assets\SmallTile.scale-100.png">
      <Filter>Assets</Filter>
    </Image>
    <Image Include="Assets\SmallTile.scale-125.png">
      <Filter>Assets</Filter>
    </Image>
    <Image Include="Assets\SmallTile.scale-150.png">
      <Filter>Assets</Filter>
    </Image>
    <Image Include="Assets\SmallTile.scale-200.png">
      <Filter>Assets</Filter>
    </Image>
    <Image Include="Assets\SmallTile.scale-400.png">
      <Filter>Assets</Filter>
    </Image>
    <Image Include="Assets\SplashScreen.scale-100.png">
      <Filter>Assets</Filter>
    </Image>
    <Image Include="Assets\SplashScreen.scale-125.png">
      <Filter>Assets</Filter>
    </Image>
    <Image Include="Assets\SplashScreen.scale-150.png">
      <Filter>Assets</Filter>
    </Image>
    <Image Include="Assets\SplashScreen.scale-400.png">
      <Filter>Assets</Filter>
    </Image>
    <Image Include="Assets\Square44x44Logo.scale-100.png">
      <Filter>Assets</Filter>
    </Image>
    <Image Include="Assets\Square44x44Logo.scale-125.png">
      <Filter>Assets</Filter>
    </Image>
    <Image Include="Assets\Square44x44Logo.scale-150.png">
      <Filter>Assets</Filter>
    </Image>
    <Image Include="Assets\Square44x44Logo.scale-400.png">
      <Filter>Assets</Filter>
    </Image>
    <Image Include="Assets\Square44x44Logo.targetsize-16.png">
      <Filter>Assets</Filter>
    </Image>
    <Image Include="Assets\Square44x44Logo.targetsize-24.png">
      <Filter>Assets</Filter>
    </Image>
    <Image Include="Assets\Square44x44Logo.targetsize-32.png">
      <Filter>Assets</Filter>
    </Image>
    <Image Include="Assets\Square44x44Logo.targetsize-48.png">
      <Filter>Assets</Filter>
    </Image>
    <Image Include="Assets\Square44x44Logo.targetsize-256.png">
      <Filter>Assets</Filter>
    </Image>
    <Image Include="Assets\Square150x150Logo.scale-100.png">
      <Filter>Assets</Filter>
    </Image>
    <Image Include="Assets\Square150x150Logo.scale-125.png">
      <Filter>Assets</Filter>
    </Image>
    <Image Include="Assets\Square150x150Logo.scale-150.png">
      <Filter>Assets</Filter>
    </Image>
    <Image Include="Assets\Square150x150Logo.scale-400.png">
      <Filter>Assets</Filter>
    </Image>
    <Image Include="Assets\StoreLogo.scale-100.png">
      <Filter>Assets</Filter>
    </Image>
    <Image Include="Assets\StoreLogo.scale-125.png">
      <Filter>Assets</Filter>
    </Image>
    <Image Include="Assets\StoreLogo.scale-150.png">
      <Filter>Assets</Filter>
    </Image>
    <Image Include="Assets\StoreLogo.scale-200.png">
      <Filter>Assets</Filter>
    </Image>
    <Image Include="Assets\StoreLogo.scale-400.png">
      <Filter>Assets</Filter>
    </Image>
    <Image Include="Assets\Wide310x150Logo.scale-100.png">
      <Filter>Assets</Filter>
    </Image>
    <Image Include="Assets\Wide310x150Logo.scale-125.png">
      <Filter>Assets</Filter>
    </Image>
    <Image Include="Assets\Wide310x150Logo.scale-150.png">
      <Filter>Assets</Filter>
    </Image>
    <Image Include="Assets\Wide310x150Logo.scale-400.png">
      <Filter>Assets</Filter>
    </Image>
  </ItemGroup>
  <ItemGroup>
    <Filter Include="Assets">
      <UniqueIdentifier>{72e14cb5-ab19-47fe-837a-cb7bee564f7c}</UniqueIdentifier>
    </Filter>
    <Filter Include="Utility">
      <UniqueIdentifier>{193aa543-b289-47c0-9baf-30ded8dafcd3}</UniqueIdentifier>
    </Filter>
    <Filter Include="ViewModels">
      <UniqueIdentifier>{c37b7361-8207-42be-bef0-847de8bfef55}</UniqueIdentifier>
    </Filter>
    <Filter Include="Controls">
      <UniqueIdentifier>{42f2cfb3-6641-4302-b492-46de6f5d2b51}</UniqueIdentifier>
    </Filter>
    <Filter Include="Triggers">
      <UniqueIdentifier>{edaac235-ee9a-4665-92be-470f87f1ea00}</UniqueIdentifier>
    </Filter>
    <Filter Include="Helpers">
      <UniqueIdentifier>{eaa0f1f7-e1e2-4cbd-8744-660ed4b79928}</UniqueIdentifier>
    </Filter>
    <Filter Include="StyleExtension">
      <UniqueIdentifier>{cefd910a-879f-45a0-b7cb-3b4439cba891}</UniqueIdentifier>
    </Filter>
    <Filter Include="Resource Files">
      <UniqueIdentifier>{aecbe920-37ca-4bec-a326-96609765c9d6}</UniqueIdentifier>
    </Filter>
    <Filter Include="Converters">
      <UniqueIdentifier>{5f0e1c09-3d5d-42ae-9728-324a7f786813}</UniqueIdentifier>
    </Filter>
    <Filter Include="Models">
      <UniqueIdentifier>{78ae98a4-236c-4e26-adcc-01daf9de28c3}</UniqueIdentifier>
    </Filter>
    <Filter Include="Controls\DataGrid">
      <UniqueIdentifier>{7d1a2f0d-8d5d-43f4-a10b-f1ed88ed9032}</UniqueIdentifier>
    </Filter>
    <Filter Include="Controls\SettingsCard">
      <UniqueIdentifier>{a6b917de-a7ac-40da-aeca-0e42ccb2153a}</UniqueIdentifier>
    </Filter>
    <Filter Include="Controls\SettingsExpander">
      <UniqueIdentifier>{0ca69060-4681-4145-be4f-6d98d94e2149}</UniqueIdentifier>
    </Filter>
    <Filter Include="DlgHelpUtilsResource">
      <UniqueIdentifier>{1cb4cba9-a8d3-494e-b3f5-e7795f34eb64}</UniqueIdentifier>
    </Filter>
  </ItemGroup>
  <ItemGroup>
    <Manifest Include="app.manifest" />
  </ItemGroup>
  <ItemGroup>
    <None Include="packages.config" />
  </ItemGroup>
  <ItemGroup>
    <Natvis Include="$(MSBuildThisFileDirectory)..\..\natvis\wil.natvis" />
  </ItemGroup>
  <ItemGroup>
    <ResourceCompile Include="Resource.rc">
      <Filter>Resource Files</Filter>
    </ResourceCompile>
  </ItemGroup>
  <ItemGroup>
    <PRIResource Include="Resources.resw">
      <Filter>Resource Files</Filter>
    </PRIResource>
  </ItemGroup>
</Project>