<?xml version="1.0" encoding="utf-8"?>
<Project ToolsVersion="4.0" xmlns="http://schemas.microsoft.com/developer/msbuild/2003">
  <ItemGroup>
    <Filter Include="Source Files">
      <UniqueIdentifier>{4FC737F1-C7A5-4376-A066-2A32D752A2FF}</UniqueIdentifier>
      <Extensions>cpp;c;cc;cxx;c++;def;odl;idl;hpj;bat;asm;asmx</Extensions>
    </Filter>
    <Filter Include="Header Files">
      <UniqueIdentifier>{93995380-89BD-4b04-88EB-625FBE52EBFB}</UniqueIdentifier>
      <Extensions>h;hh;hpp;hxx;h++;hm;inl;inc;ipp;xsd</Extensions>
    </Filter>
    <Filter Include="Resource Files">
      <UniqueIdentifier>{67DA6AB6-F800-4c08-8B7A-83BB121AAD01}</UniqueIdentifier>
      <Extensions>rc;ico;cur;bmp;dlg;rc2;rct;bin;rgs;gif;jpg;jpeg;jpe;resx;tiff;tif;png;wav;mfcribbon-ms</Extensions>
    </Filter>
  </ItemGroup>
  <ItemGroup>
    <ClCompile Include="MiniDumper.cpp">
      <Filter>Source Files</Filter>
    </ClCompile>
    <ClCompile Include="dump_file_options.cpp">
      <Filter>Source Files</Filter>
    </ClCompile>
    <ClCompile Include="dump_mini_dump.cpp">
      <Filter>Source Files</Filter>
    </ClCompile>
    <ClCompile Include="dump_mini_dump_streams.cpp">
      <Filter>Source Files</Filter>
    </ClCompile>
    <ClCompile Include="dump_mini_dump_comment.cpp">
      <Filter>Source Files</Filter>
    </ClCompile>
    <ClCompile Include="dump_mini_dump_memory.cpp">
      <Filter>Source Files</Filter>
    </ClCompile>
    <ClCompile Include="dump_mini_dump_module.cpp">
      <Filter>Source Files</Filter>
    </ClCompile>
    <ClCompile Include="dump_mini_dump_info.cpp">
      <Filter>Source Files</Filter>
    </ClCompile>
    <ClCompile Include="dump_mini_dump_thread.cpp">
      <Filter>Source Files</Filter>
    </ClCompile>
    <ClCompile Include="dump_mini_dump_exception.cpp">
      <Filter>Source Files</Filter>
    </ClCompile>
    <ClCompile Include="dump_mini_dump_app_info.cpp">
      <Filter>Source Files</Filter>
    </ClCompile>
    <ClCompile Include="symbol_engine_ui.cpp">
      <Filter>Source Files</Filter>
    </ClCompile>
    <ClCompile Include="dump_mini_dump_symbols.cpp">
      <Filter>Source Files</Filter>
    </ClCompile>
    <ClCompile Include="dump_mini_dump_heap.cpp">
      <Filter>Source Files</Filter>
    </ClCompile>
    <ClCompile Include="common_symbol_lookup_utils.cpp">
      <Filter>Source Files</Filter>
    </ClCompile>
    <ClCompile Include="dump_mini_dump_heap_statistics.cpp">
      <Filter>Source Files</Filter>
    </ClCompile>
    <ClCompile Include="dump_mini_dump_heap_utils.cpp">
      <Filter>Source Files</Filter>
    </ClCompile>
    <ClCompile Include="dump_mini_dump_heap_crt.cpp">
      <Filter>Source Files</Filter>
    </ClCompile>
    <ClCompile Include="dump_mini_dump_heap_debug_page_heap.cpp">
      <Filter>Source Files</Filter>
    </ClCompile>
    <ClCompile Include="dump_mini_dump_heap_segment_heap.cpp">
      <Filter>Source Files</Filter>
    </ClCompile>
    <ClCompile Include="dump_mini_dump_heap_nt_heap.cpp">
      <Filter>Source Files</Filter>
    </ClCompile>
    <ClCompile Include="dump_mini_dump_heap_graph.cpp">
      <Filter>Source Files</Filter>
    </ClCompile>
  </ItemGroup>
  <ItemGroup>
    <ClInclude Include="dump_file_options.h">
      <Filter>Header Files</Filter>
    </ClInclude>
    <ClInclude Include="resource.h">
      <Filter>Header Files</Filter>
    </ClInclude>
    <ClInclude Include="dump_mini_dump.h">
      <Filter>Header Files</Filter>
    </ClInclude>
    <ClInclude Include="dump_mini_dump_streams.h">
      <Filter>Header Files</Filter>
    </ClInclude>
    <ClInclude Include="dump_mini_dump_comment.h">
      <Filter>Header Files</Filter>
    </ClInclude>
    <ClInclude Include="dump_mini_dump_memory.h">
      <Filter>Header Files</Filter>
    </ClInclude>
    <ClInclude Include="dump_mini_dump_module.h">
      <Filter>Header Files</Filter>
    </ClInclude>
    <ClInclude Include="dump_mini_dump_info.h">
      <Filter>Header Files</Filter>
    </ClInclude>
    <ClInclude Include="dump_mini_dump_thread.h">
      <Filter>Header Files</Filter>
    </ClInclude>
    <ClInclude Include="dump_mini_dump_exception.h">
      <Filter>Header Files</Filter>
    </ClInclude>
    <ClInclude Include="dump_mini_dump_app_info.h">
      <Filter>Header Files</Filter>
    </ClInclude>
    <ClInclude Include="symbol_engine_ui.h">
      <Filter>Header Files</Filter>
    </ClInclude>
    <ClInclude Include="dump_mini_dump_symbols.h">
      <Filter>Header Files</Filter>
    </ClInclude>
    <ClInclude Include="dump_mini_dump_heap.h">
      <Filter>Header Files</Filter>
    </ClInclude>
    <ClInclude Include="common_symbol_lookup_utils.h">
      <Filter>Header Files</Filter>
    </ClInclude>
  </ItemGroup>
  <ItemGroup>
    <Manifest Include="MiniDumper.exe.manifest" />
  </ItemGroup>
  <ItemGroup>
    <ResourceCompile Include="Resource.rc">
      <Filter>Resource Files</Filter>
    </ResourceCompile>
  </ItemGroup>
  <ItemGroup>
    <None Include="system_modules.json" />
    <None Include="vcpkg.json" />
  </ItemGroup>
  <ItemGroup>
    <Image Include="MiniDumper.ico">
      <Filter>Resource Files</Filter>
    </Image>
  </ItemGroup>
</Project>